// !$*UTF8*$!
{
	archiveVersion = 1;
	classes = {
	};
	objectVersion = 46;
	objects = {

/* Begin PBXBuildFile section */
		7F3A9E831D17FE7A007C3C30 /* main.m in Sources */ = {isa = PBXBuildFile; fileRef = 7F3A9E821D17FE7A007C3C30 /* main.m */; };
		7F3A9E861D17FE7A007C3C30 /* AppDelegate.m in Sources */ = {isa = PBXBuildFile; fileRef = 7F3A9E851D17FE7A007C3C30 /* AppDelegate.m */; };
		7F3A9E8C1D17FE7A007C3C30 /* Main.storyboard in Resources */ = {isa = PBXBuildFile; fileRef = 7F3A9E8A1D17FE7A007C3C30 /* Main.storyboard */; };
		7F3A9E8F1D17FE7A007C3C30 /* MusicX.xcdatamodeld in Sources */ = {isa = PBXBuildFile; fileRef = 7F3A9E8D1D17FE7A007C3C30 /* MusicX.xcdatamodeld */; };
		7F3A9E911D17FE7A007C3C30 /* Assets.xcassets in Resources */ = {isa = PBXBuildFile; fileRef = 7F3A9E901D17FE7A007C3C30 /* Assets.xcassets */; };
		7F3A9E941D17FE7A007C3C30 /* LaunchScreen.storyboard in Resources */ = {isa = PBXBuildFile; fileRef = 7F3A9E921D17FE7A007C3C30 /* LaunchScreen.storyboard */; };
		7F3A9E9F1D17FE7A007C3C30 /* MusicXTests.m in Sources */ = {isa = PBXBuildFile; fileRef = 7F3A9E9E1D17FE7A007C3C30 /* MusicXTests.m */; };
		7F3A9EAA1D17FE7A007C3C30 /* MusicXUITests.m in Sources */ = {isa = PBXBuildFile; fileRef = 7F3A9EA91D17FE7A007C3C30 /* MusicXUITests.m */; };
		7F3A9ECB1D1800DC007C3C30 /* MyMusic.m in Sources */ = {isa = PBXBuildFile; fileRef = 7F3A9ECA1D1800DC007C3C30 /* MyMusic.m */; settings = {ASSET_TAGS = (); }; };
		7F3A9ECE1D1800FF007C3C30 /* MyTimer.m in Sources */ = {isa = PBXBuildFile; fileRef = 7F3A9ECD1D1800FF007C3C30 /* MyTimer.m */; settings = {ASSET_TAGS = (); }; };
		7F3A9ED11D18010E007C3C30 /* MyLove.m in Sources */ = {isa = PBXBuildFile; fileRef = 7F3A9ED01D18010E007C3C30 /* MyLove.m */; settings = {ASSET_TAGS = (); }; };
		7F3A9ED41D180132007C3C30 /* MyMemory.m in Sources */ = {isa = PBXBuildFile; fileRef = 7F3A9ED31D180132007C3C30 /* MyMemory.m */; settings = {ASSET_TAGS = (); }; };
		7F8726531D1BA13900B2D430 /* MediaPlayer.framework in Frameworks */ = {isa = PBXBuildFile; fileRef = 7F8726521D1BA13900B2D430 /* MediaPlayer.framework */; };
		7F8726A01D1BE1C100B2D430 /* MarqueeLabel.m in Sources */ = {isa = PBXBuildFile; fileRef = 7F87269F1D1BE1C100B2D430 /* MarqueeLabel.m */; settings = {ASSET_TAGS = (); }; };
		7F8726A21D1BE20B00B2D430 /* QuartzCore.framework in Frameworks */ = {isa = PBXBuildFile; fileRef = 7F8726A11D1BE20B00B2D430 /* QuartzCore.framework */; };
		7F8726DE1D1CCEE900B2D430 /* ASValuePopUpView.m in Sources */ = {isa = PBXBuildFile; fileRef = 7F8726DB1D1CCEE900B2D430 /* ASValuePopUpView.m */; settings = {ASSET_TAGS = (); }; };
		7F8726DF1D1CCEE900B2D430 /* ASValueTrackingSlider.m in Sources */ = {isa = PBXBuildFile; fileRef = 7F8726DD1D1CCEE900B2D430 /* ASValueTrackingSlider.m */; settings = {ASSET_TAGS = (); }; };
		7F8726E11D1CD69A00B2D430 /* mvplayer_progress_thumb_mini@2x.png in Resources */ = {isa = PBXBuildFile; fileRef = 7F8726E01D1CD69A00B2D430 /* mvplayer_progress_thumb_mini@2x.png */; settings = {ASSET_TAGS = (); }; };
		7F8726ED1D1CE14900B2D430 /* playing_volumn_sound@2x.png in Resources */ = {isa = PBXBuildFile; fileRef = 7F8726EA1D1CE14900B2D430 /* playing_volumn_sound@2x.png */; settings = {ASSET_TAGS = (); }; };
		7F8726EF1D1CE1BF00B2D430 /* playing_volumn_slide_sound_little@2x.png in Resources */ = {isa = PBXBuildFile; fileRef = 7F8726EE1D1CE1BF00B2D430 /* playing_volumn_slide_sound_little@2x.png */; settings = {ASSET_TAGS = (); }; };
		7F8726F11D1CE23600B2D430 /* playing_volumn_nosound@2x.png in Resources */ = {isa = PBXBuildFile; fileRef = 7F8726F01D1CE23600B2D430 /* playing_volumn_nosound@2x.png */; settings = {ASSET_TAGS = (); }; };
		7F8726F41D1CE39900B2D430 /* myLoveSelect@2x.png in Resources */ = {isa = PBXBuildFile; fileRef = 7F8726F21D1CE39900B2D430 /* myLoveSelect@2x.png */; settings = {ASSET_TAGS = (); }; };
		7F8726F51D1CE39900B2D430 /* myLoveUnselect@2x.png in Resources */ = {isa = PBXBuildFile; fileRef = 7F8726F31D1CE39900B2D430 /* myLoveUnselect@2x.png */; settings = {ASSET_TAGS = (); }; };
		7F8726FC1D1CE4A000B2D430 /* myMusicUnselect@2x.png in Resources */ = {isa = PBXBuildFile; fileRef = 7F8726F61D1CE4A000B2D430 /* myMusicUnselect@2x.png */; settings = {ASSET_TAGS = (); }; };
		7F8726FD1D1CE4A000B2D430 /* myMusicSelect@2x.png in Resources */ = {isa = PBXBuildFile; fileRef = 7F8726F71D1CE4A000B2D430 /* myMusicSelect@2x.png */; settings = {ASSET_TAGS = (); }; };
		7F8726FE1D1CE4A000B2D430 /* myTimerUnselect@2x.png in Resources */ = {isa = PBXBuildFile; fileRef = 7F8726F81D1CE4A000B2D430 /* myTimerUnselect@2x.png */; settings = {ASSET_TAGS = (); }; };
		7F8726FF1D1CE4A000B2D430 /* myTimerSelect@2x.png in Resources */ = {isa = PBXBuildFile; fileRef = 7F8726F91D1CE4A000B2D430 /* myTimerSelect@2x.png */; settings = {ASSET_TAGS = (); }; };
		7F8727001D1CE4A000B2D430 /* myMemorySelect@2x.png in Resources */ = {isa = PBXBuildFile; fileRef = 7F8726FA1D1CE4A000B2D430 /* myMemorySelect@2x.png */; settings = {ASSET_TAGS = (); }; };
		7F8727011D1CE4A000B2D430 /* myMemoryUnselect@2x.png in Resources */ = {isa = PBXBuildFile; fileRef = 7F8726FB1D1CE4A000B2D430 /* myMemoryUnselect@2x.png */; settings = {ASSET_TAGS = (); }; };
		7F8727071D1CE9E100B2D430 /* volume_slider_thumb@2x.png in Resources */ = {isa = PBXBuildFile; fileRef = 7F8727061D1CE9E100B2D430 /* volume_slider_thumb@2x.png */; settings = {ASSET_TAGS = (); }; };
		7F87270E1D1CF98700B2D430 /* miniplayer_btn_play_normal.png in Resources */ = {isa = PBXBuildFile; fileRef = 7F87270C1D1CF98700B2D430 /* miniplayer_btn_play_normal.png */; settings = {ASSET_TAGS = (); }; };
		7F87270F1D1CF98700B2D430 /* miniplayer_btn_pause_normal.png in Resources */ = {isa = PBXBuildFile; fileRef = 7F87270D1D1CF98700B2D430 /* miniplayer_btn_pause_normal.png */; settings = {ASSET_TAGS = (); }; };
		7F8727141D1CFF9800B2D430 /* nousenow_player_btn_pause_normal@2x.png in Resources */ = {isa = PBXBuildFile; fileRef = 7F8727101D1CFF9800B2D430 /* nousenow_player_btn_pause_normal@2x.png */; settings = {ASSET_TAGS = (); }; };
		7F8727151D1CFF9800B2D430 /* nousenow_player_btn_pause_highlight@2x.png in Resources */ = {isa = PBXBuildFile; fileRef = 7F8727111D1CFF9800B2D430 /* nousenow_player_btn_pause_highlight@2x.png */; settings = {ASSET_TAGS = (); }; };
		7F8727161D1CFF9800B2D430 /* nousenow_player_btn_play_highlight@2x.png in Resources */ = {isa = PBXBuildFile; fileRef = 7F8727121D1CFF9800B2D430 /* nousenow_player_btn_play_highlight@2x.png */; settings = {ASSET_TAGS = (); }; };
		7F8727171D1CFF9800B2D430 /* nousenow_player_btn_play_normal@2x.png in Resources */ = {isa = PBXBuildFile; fileRef = 7F8727131D1CFF9800B2D430 /* nousenow_player_btn_play_normal@2x.png */; settings = {ASSET_TAGS = (); }; };
		7F8727321D1D085C00B2D430 /* player_btn_next_normal@2x.png in Resources */ = {isa = PBXBuildFile; fileRef = 7F87272A1D1D085C00B2D430 /* player_btn_next_normal@2x.png */; settings = {ASSET_TAGS = (); }; };
		7F8727331D1D085C00B2D430 /* player_btn_next_highlight@2x.png in Resources */ = {isa = PBXBuildFile; fileRef = 7F87272B1D1D085C00B2D430 /* player_btn_next_highlight@2x.png */; settings = {ASSET_TAGS = (); }; };
		7F8727341D1D085C00B2D430 /* player_btn_pre_normal@2x.png in Resources */ = {isa = PBXBuildFile; fileRef = 7F87272C1D1D085C00B2D430 /* player_btn_pre_normal@2x.png */; settings = {ASSET_TAGS = (); }; };
		7F8727351D1D085C00B2D430 /* player_btn_pre_highlight@2x.png in Resources */ = {isa = PBXBuildFile; fileRef = 7F87272D1D1D085C00B2D430 /* player_btn_pre_highlight@2x.png */; settings = {ASSET_TAGS = (); }; };
		7F8727361D1D085C00B2D430 /* player_btn_pause_normal@2x.png in Resources */ = {isa = PBXBuildFile; fileRef = 7F87272E1D1D085C00B2D430 /* player_btn_pause_normal@2x.png */; settings = {ASSET_TAGS = (); }; };
		7F8727371D1D085C00B2D430 /* player_btn_pause_highlight@2x.png in Resources */ = {isa = PBXBuildFile; fileRef = 7F87272F1D1D085C00B2D430 /* player_btn_pause_highlight@2x.png */; settings = {ASSET_TAGS = (); }; };
		7F8727381D1D085C00B2D430 /* player_btn_play_highlight@2x.png in Resources */ = {isa = PBXBuildFile; fileRef = 7F8727301D1D085C00B2D430 /* player_btn_play_highlight@2x.png */; settings = {ASSET_TAGS = (); }; };
		7F8727391D1D085C00B2D430 /* player_btn_play_normal@2x.png in Resources */ = {isa = PBXBuildFile; fileRef = 7F8727311D1D085C00B2D430 /* player_btn_play_normal@2x.png */; settings = {ASSET_TAGS = (); }; };
		7F87273C1D1D0C7900B2D430 /* player_btn_playlist_highlight@2x.png in Resources */ = {isa = PBXBuildFile; fileRef = 7F87273A1D1D0C7900B2D430 /* player_btn_playlist_highlight@2x.png */; settings = {ASSET_TAGS = (); }; };
		7F87273D1D1D0C7900B2D430 /* player_btn_playlist_normal@2x.png in Resources */ = {isa = PBXBuildFile; fileRef = 7F87273B1D1D0C7900B2D430 /* player_btn_playlist_normal@2x.png */; settings = {ASSET_TAGS = (); }; };
		7F8727401D1D0CBF00B2D430 /* player_btn_love_highlight@2x.png in Resources */ = {isa = PBXBuildFile; fileRef = 7F87273E1D1D0CBF00B2D430 /* player_btn_love_highlight@2x.png */; settings = {ASSET_TAGS = (); }; };
		7F8727411D1D0CBF00B2D430 /* player_btn_love_normal@2x.png in Resources */ = {isa = PBXBuildFile; fileRef = 7F87273F1D1D0CBF00B2D430 /* player_btn_love_normal@2x.png */; settings = {ASSET_TAGS = (); }; };
		7F8727451D1D0E5200B2D430 /* player_btn_random_normal@2x.png in Resources */ = {isa = PBXBuildFile; fileRef = 7F8727421D1D0E5200B2D430 /* player_btn_random_normal@2x.png */; settings = {ASSET_TAGS = (); }; };
		7F8727461D1D0E5200B2D430 /* player_btn_repeat_normal@2x.png in Resources */ = {isa = PBXBuildFile; fileRef = 7F8727431D1D0E5200B2D430 /* player_btn_repeat_normal@2x.png */; settings = {ASSET_TAGS = (); }; };
		7F8727471D1D0E5200B2D430 /* player_btn_repeatone_normal@2x.png in Resources */ = {isa = PBXBuildFile; fileRef = 7F8727441D1D0E5200B2D430 /* player_btn_repeatone_normal@2x.png */; settings = {ASSET_TAGS = (); }; };
		7F87274B1D1D1D7800B2D430 /* myMusicTableViewCell.m in Sources */ = {isa = PBXBuildFile; fileRef = 7F87274A1D1D1D7800B2D430 /* myMusicTableViewCell.m */; settings = {ASSET_TAGS = (); }; };
		7FAD49AB1D19076800C5C449 /* TRIPLANE-Dear friends.mp3 in Resources */ = {isa = PBXBuildFile; fileRef = 7FAD49861D19076700C5C449 /* TRIPLANE-Dear friends.mp3 */; settings = {ASSET_TAGS = (); }; };
		7FAD49AC1D19076800C5C449 /* 마리오,네스티-Never Say Goodbye.mp3 in Resources */ = {isa = PBXBuildFile; fileRef = 7FAD49871D19076700C5C449 /* 마리오,네스티-Never Say Goodbye.mp3 */; settings = {ASSET_TAGS = (); }; };
		7FAD49AD1D19076800C5C449 /* 조성모-陪在你身边.mp3 in Resources */ = {isa = PBXBuildFile; fileRef = 7FAD49881D19076700C5C449 /* 조성모-陪在你身边.mp3 */; settings = {ASSET_TAGS = (); }; };
		7FAD49AE1D19076800C5C449 /* 宇多田ヒカル-Prisoner Of Love.mp3 in Resources */ = {isa = PBXBuildFile; fileRef = 7FAD49891D19076700C5C449 /* 宇多田ヒカル-Prisoner Of Love.mp3 */; settings = {ASSET_TAGS = (); }; };
		7FAD49AF1D19076800C5C449 /* 张赫宣-我们不该这样的 (《北上广不相信眼泪》电视剧片尾曲).mp3 in Resources */ = {isa = PBXBuildFile; fileRef = 7FAD498A1D19076700C5C449 /* 张赫宣-我们不该这样的 (《北上广不相信眼泪》电视剧片尾曲).mp3 */; settings = {ASSET_TAGS = (); }; };
		7FAD49B01D19076800C5C449 /* 李荣浩-李白.mp3 in Resources */ = {isa = PBXBuildFile; fileRef = 7FAD498B1D19076700C5C449 /* 李荣浩-李白.mp3 */; settings = {ASSET_TAGS = (); }; };
		7FAD49B11D19076800C5C449 /* 杜雯媞,王艺翔-雪.mp3 in Resources */ = {isa = PBXBuildFile; fileRef = 7FAD498C1D19076700C5C449 /* 杜雯媞,王艺翔-雪.mp3 */; settings = {ASSET_TAGS = (); }; };
		7FAD49B21D19076800C5C449 /* 薛之谦-演员.mp3 in Resources */ = {isa = PBXBuildFile; fileRef = 7FAD498D1D19076700C5C449 /* 薛之谦-演员.mp3 */; settings = {ASSET_TAGS = (); }; };
		7FAD49B31D19076800C5C449 /* 陈奕迅,王菲-因为爱情 (Live).mp3 in Resources */ = {isa = PBXBuildFile; fileRef = 7FAD498E1D19076700C5C449 /* 陈奕迅,王菲-因为爱情 (Live).mp3 */; settings = {ASSET_TAGS = (); }; };
		7FAD49B41D19076800C5C449 /* 陈奕迅-Sleep Alone.mp3 in Resources */ = {isa = PBXBuildFile; fileRef = 7FAD498F1D19076700C5C449 /* 陈奕迅-Sleep Alone.mp3 */; settings = {ASSET_TAGS = (); }; };
		7FAD49B51D19076800C5C449 /* 陈奕迅-一丝不挂.mp3 in Resources */ = {isa = PBXBuildFile; fileRef = 7FAD49901D19076700C5C449 /* 陈奕迅-一丝不挂.mp3 */; settings = {ASSET_TAGS = (); }; };
		7FAD49B61D19076800C5C449 /* 陈奕迅-不如承诺来的简单.mp3 in Resources */ = {isa = PBXBuildFile; fileRef = 7FAD49911D19076700C5C449 /* 陈奕迅-不如承诺来的简单.mp3 */; settings = {ASSET_TAGS = (); }; };
		7FAD49B71D19076800C5C449 /* 陈奕迅-不要说话.mp3 in Resources */ = {isa = PBXBuildFile; fileRef = 7FAD49921D19076800C5C449 /* 陈奕迅-不要说话.mp3 */; settings = {ASSET_TAGS = (); }; };
		7FAD49B81D19076800C5C449 /* 陈奕迅-主旋律.mp3 in Resources */ = {isa = PBXBuildFile; fileRef = 7FAD49931D19076800C5C449 /* 陈奕迅-主旋律.mp3 */; settings = {ASSET_TAGS = (); }; };
		7FAD49B91D19076800C5C449 /* 陈奕迅-你给我听好.mp3 in Resources */ = {isa = PBXBuildFile; fileRef = 7FAD49941D19076800C5C449 /* 陈奕迅-你给我听好.mp3 */; settings = {ASSET_TAGS = (); }; };
		7FAD49BA1D19076800C5C449 /* 陈奕迅-内疚.mp3 in Resources */ = {isa = PBXBuildFile; fileRef = 7FAD49951D19076800C5C449 /* 陈奕迅-内疚.mp3 */; settings = {ASSET_TAGS = (); }; };
		7FAD49BB1D19076800C5C449 /* 陈奕迅-可以了.mp3 in Resources */ = {isa = PBXBuildFile; fileRef = 7FAD49961D19076800C5C449 /* 陈奕迅-可以了.mp3 */; settings = {ASSET_TAGS = (); }; };
		7FAD49BC1D19076800C5C449 /* 陈奕迅-好久不见.mp3 in Resources */ = {isa = PBXBuildFile; fileRef = 7FAD49971D19076800C5C449 /* 陈奕迅-好久不见.mp3 */; settings = {ASSET_TAGS = (); }; };
		7FAD49BD1D19076800C5C449 /* 陈奕迅-娱乐天空.mp3 in Resources */ = {isa = PBXBuildFile; fileRef = 7FAD49981D19076800C5C449 /* 陈奕迅-娱乐天空.mp3 */; settings = {ASSET_TAGS = (); }; };
		7FAD49BE1D19076800C5C449 /* 陈奕迅-孤独患者.mp3 in Resources */ = {isa = PBXBuildFile; fileRef = 7FAD49991D19076800C5C449 /* 陈奕迅-孤独患者.mp3 */; settings = {ASSET_TAGS = (); }; };
		7FAD49BF1D19076800C5C449 /* 陈奕迅-完.mp3 in Resources */ = {isa = PBXBuildFile; fileRef = 7FAD499A1D19076800C5C449 /* 陈奕迅-完.mp3 */; settings = {ASSET_TAGS = (); }; };
		7FAD49C01D19076800C5C449 /* 陈奕迅-富士山下.mp3 in Resources */ = {isa = PBXBuildFile; fileRef = 7FAD499B1D19076800C5C449 /* 陈奕迅-富士山下.mp3 */; settings = {ASSET_TAGS = (); }; };
		7FAD49C11D19076800C5C449 /* 陈奕迅-对不起 谢谢.mp3 in Resources */ = {isa = PBXBuildFile; fileRef = 7FAD499C1D19076800C5C449 /* 陈奕迅-对不起 谢谢.mp3 */; settings = {ASSET_TAGS = (); }; };
		7FAD49C21D19076800C5C449 /* 陈奕迅-时光隧道.mp3 in Resources */ = {isa = PBXBuildFile; fileRef = 7FAD499D1D19076800C5C449 /* 陈奕迅-时光隧道.mp3 */; settings = {ASSET_TAGS = (); }; };
		7FAD49C31D19076800C5C449 /* 陈奕迅-暴风雨.mp3 in Resources */ = {isa = PBXBuildFile; fileRef = 7FAD499E1D19076800C5C449 /* 陈奕迅-暴风雨.mp3 */; settings = {ASSET_TAGS = (); }; };
		7FAD49C41D19076800C5C449 /* 陈奕迅-浮夸.mp3 in Resources */ = {isa = PBXBuildFile; fileRef = 7FAD499F1D19076800C5C449 /* 陈奕迅-浮夸.mp3 */; settings = {ASSET_TAGS = (); }; };
		7FAD49C51D19076800C5C449 /* 陈奕迅-淘汰.mp3 in Resources */ = {isa = PBXBuildFile; fileRef = 7FAD49A01D19076800C5C449 /* 陈奕迅-淘汰.mp3 */; settings = {ASSET_TAGS = (); }; };
		7FAD49C61D19076800C5C449 /* 陈奕迅-爱情转移.mp3 in Resources */ = {isa = PBXBuildFile; fileRef = 7FAD49A11D19076800C5C449 /* 陈奕迅-爱情转移.mp3 */; settings = {ASSET_TAGS = (); }; };
		7FAD49C71D19076800C5C449 /* 陈奕迅-看穿.mp3 in Resources */ = {isa = PBXBuildFile; fileRef = 7FAD49A21D19076800C5C449 /* 陈奕迅-看穿.mp3 */; settings = {ASSET_TAGS = (); }; };
		7FAD49C81D19076800C5C449 /* 陈奕迅-碌卡.mp3 in Resources */ = {isa = PBXBuildFile; fileRef = 7FAD49A31D19076800C5C449 /* 陈奕迅-碌卡.mp3 */; settings = {ASSET_TAGS = (); }; };
		7FAD49C91D19076800C5C449 /* 陈奕迅-稳稳的幸福.mp3 in Resources */ = {isa = PBXBuildFile; fileRef = 7FAD49A41D19076800C5C449 /* 陈奕迅-稳稳的幸福.mp3 */; settings = {ASSET_TAGS = (); }; };
		7FAD49CA1D19076800C5C449 /* 陈奕迅-等你爱我.mp3 in Resources */ = {isa = PBXBuildFile; fileRef = 7FAD49A51D19076800C5C449 /* 陈奕迅-等你爱我.mp3 */; settings = {ASSET_TAGS = (); }; };
		7FAD49CB1D19076800C5C449 /* 陈奕迅-红玫瑰.mp3 in Resources */ = {isa = PBXBuildFile; fileRef = 7FAD49A61D19076800C5C449 /* 陈奕迅-红玫瑰.mp3 */; settings = {ASSET_TAGS = (); }; };
		7FAD49CC1D19076800C5C449 /* 陈奕迅-阴天快乐.mp3 in Resources */ = {isa = PBXBuildFile; fileRef = 7FAD49A71D19076800C5C449 /* 陈奕迅-阴天快乐.mp3 */; settings = {ASSET_TAGS = (); }; };
		7FAD49CD1D19076800C5C449 /* 陈奕迅-陪你度过漫长岁月.mp3 in Resources */ = {isa = PBXBuildFile; fileRef = 7FAD49A81D19076800C5C449 /* 陈奕迅-陪你度过漫长岁月.mp3 */; settings = {ASSET_TAGS = (); }; };
		7FAD49CE1D19076800C5C449 /* 韩安旭-多幸运.mp3 in Resources */ = {isa = PBXBuildFile; fileRef = 7FAD49A91D19076800C5C449 /* 韩安旭-多幸运.mp3 */; settings = {ASSET_TAGS = (); }; };
		7FAD49CF1D19076800C5C449 /* 韩红,陈奕迅-十年 (Live).mp3 in Resources */ = {isa = PBXBuildFile; fileRef = 7FAD49AA1D19076800C5C449 /* 韩红,陈奕迅-十年 (Live).mp3 */; settings = {ASSET_TAGS = (); }; };
		7FAD49D31D19268700C5C449 /* music.png in Resources */ = {isa = PBXBuildFile; fileRef = 7FAD49D21D19268700C5C449 /* music.png */; settings = {ASSET_TAGS = (); }; };
		7FAD49D61D1928A000C5C449 /* AVFoundation.framework in Frameworks */ = {isa = PBXBuildFile; fileRef = 7FAD49D51D1928A000C5C449 /* AVFoundation.framework */; };
		7FF14C791D1A570F008E2706 /* AnimatiomView.m in Sources */ = {isa = PBXBuildFile; fileRef = 7FF14C6C1D1A570F008E2706 /* AnimatiomView.m */; settings = {ASSET_TAGS = (); }; };
		7FF14C7A1D1A570F008E2706 /* CircleLayer.m in Sources */ = {isa = PBXBuildFile; fileRef = 7FF14C6F1D1A570F008E2706 /* CircleLayer.m */; settings = {ASSET_TAGS = (); }; };
		7FF14C7B1D1A570F008E2706 /* RectangleLayer.m in Sources */ = {isa = PBXBuildFile; fileRef = 7FF14C711D1A570F008E2706 /* RectangleLayer.m */; settings = {ASSET_TAGS = (); }; };
		7FF14C7C1D1A570F008E2706 /* TriangleLayer.m in Sources */ = {isa = PBXBuildFile; fileRef = 7FF14C731D1A570F008E2706 /* TriangleLayer.m */; settings = {ASSET_TAGS = (); }; };
		7FF14C7D1D1A570F008E2706 /* WaveLayer.m in Sources */ = {isa = PBXBuildFile; fileRef = 7FF14C751D1A570F008E2706 /* WaveLayer.m */; settings = {ASSET_TAGS = (); }; };
		7FF14C7E1D1A570F008E2706 /* UIColor+Hex.m in Sources */ = {isa = PBXBuildFile; fileRef = 7FF14C781D1A570F008E2706 /* UIColor+Hex.m */; settings = {ASSET_TAGS = (); }; };
		7FF14CB41D1A99F9008E2706 /* nousenow_player_btn_next_highlight@2x.png in Resources */ = {isa = PBXBuildFile; fileRef = 7FF14CB01D1A99F9008E2706 /* nousenow_player_btn_next_highlight@2x.png */; settings = {ASSET_TAGS = (); }; };
		7FF14CB51D1A99F9008E2706 /* nousenow_player_btn_next_normal@2x.png in Resources */ = {isa = PBXBuildFile; fileRef = 7FF14CB11D1A99F9008E2706 /* nousenow_player_btn_next_normal@2x.png */; settings = {ASSET_TAGS = (); }; };
		7FF14CB61D1A99F9008E2706 /* nousenow_player_btn_pre_highlight@2x.png in Resources */ = {isa = PBXBuildFile; fileRef = 7FF14CB21D1A99F9008E2706 /* nousenow_player_btn_pre_highlight@2x.png */; settings = {ASSET_TAGS = (); }; };
		7FF14CB71D1A99F9008E2706 /* nousenow_player_btn_pre_normal@2x.png in Resources */ = {isa = PBXBuildFile; fileRef = 7FF14CB31D1A99F9008E2706 /* nousenow_player_btn_pre_normal@2x.png */; settings = {ASSET_TAGS = (); }; };
/* End PBXBuildFile section */

/* Begin PBXContainerItemProxy section */
		7F3A9E9B1D17FE7A007C3C30 /* PBXContainerItemProxy */ = {
			isa = PBXContainerItemProxy;
			containerPortal = 7F3A9E761D17FE7A007C3C30 /* Project object */;
			proxyType = 1;
			remoteGlobalIDString = 7F3A9E7D1D17FE7A007C3C30;
			remoteInfo = MusicX;
		};
		7F3A9EA61D17FE7A007C3C30 /* PBXContainerItemProxy */ = {
			isa = PBXContainerItemProxy;
			containerPortal = 7F3A9E761D17FE7A007C3C30 /* Project object */;
			proxyType = 1;
			remoteGlobalIDString = 7F3A9E7D1D17FE7A007C3C30;
			remoteInfo = MusicX;
		};
/* End PBXContainerItemProxy section */

/* Begin PBXFileReference section */
		7F3A9E7E1D17FE7A007C3C30 /* MusicX.app */ = {isa = PBXFileReference; explicitFileType = wrapper.application; includeInIndex = 0; path = MusicX.app; sourceTree = BUILT_PRODUCTS_DIR; };
		7F3A9E821D17FE7A007C3C30 /* main.m */ = {isa = PBXFileReference; lastKnownFileType = sourcecode.c.objc; path = main.m; sourceTree = "<group>"; };
		7F3A9E841D17FE7A007C3C30 /* AppDelegate.h */ = {isa = PBXFileReference; lastKnownFileType = sourcecode.c.h; path = AppDelegate.h; sourceTree = "<group>"; };
		7F3A9E851D17FE7A007C3C30 /* AppDelegate.m */ = {isa = PBXFileReference; lastKnownFileType = sourcecode.c.objc; path = AppDelegate.m; sourceTree = "<group>"; };
		7F3A9E8B1D17FE7A007C3C30 /* Base */ = {isa = PBXFileReference; lastKnownFileType = file.storyboard; name = Base; path = Base.lproj/Main.storyboard; sourceTree = "<group>"; };
		7F3A9E8E1D17FE7A007C3C30 /* MusicX.xcdatamodel */ = {isa = PBXFileReference; lastKnownFileType = wrapper.xcdatamodel; path = MusicX.xcdatamodel; sourceTree = "<group>"; };
		7F3A9E901D17FE7A007C3C30 /* Assets.xcassets */ = {isa = PBXFileReference; lastKnownFileType = folder.assetcatalog; path = Assets.xcassets; sourceTree = "<group>"; };
		7F3A9E931D17FE7A007C3C30 /* Base */ = {isa = PBXFileReference; lastKnownFileType = file.storyboard; name = Base; path = Base.lproj/LaunchScreen.storyboard; sourceTree = "<group>"; };
		7F3A9E951D17FE7A007C3C30 /* Info.plist */ = {isa = PBXFileReference; lastKnownFileType = text.plist.xml; path = Info.plist; sourceTree = "<group>"; };
		7F3A9E9A1D17FE7A007C3C30 /* MusicXTests.xctest */ = {isa = PBXFileReference; explicitFileType = wrapper.cfbundle; includeInIndex = 0; path = MusicXTests.xctest; sourceTree = BUILT_PRODUCTS_DIR; };
		7F3A9E9E1D17FE7A007C3C30 /* MusicXTests.m */ = {isa = PBXFileReference; lastKnownFileType = sourcecode.c.objc; path = MusicXTests.m; sourceTree = "<group>"; };
		7F3A9EA01D17FE7A007C3C30 /* Info.plist */ = {isa = PBXFileReference; lastKnownFileType = text.plist.xml; path = Info.plist; sourceTree = "<group>"; };
		7F3A9EA51D17FE7A007C3C30 /* MusicXUITests.xctest */ = {isa = PBXFileReference; explicitFileType = wrapper.cfbundle; includeInIndex = 0; path = MusicXUITests.xctest; sourceTree = BUILT_PRODUCTS_DIR; };
		7F3A9EA91D17FE7A007C3C30 /* MusicXUITests.m */ = {isa = PBXFileReference; lastKnownFileType = sourcecode.c.objc; path = MusicXUITests.m; sourceTree = "<group>"; };
		7F3A9EAB1D17FE7A007C3C30 /* Info.plist */ = {isa = PBXFileReference; lastKnownFileType = text.plist.xml; path = Info.plist; sourceTree = "<group>"; };
		7F3A9EC91D1800DC007C3C30 /* MyMusic.h */ = {isa = PBXFileReference; fileEncoding = 4; lastKnownFileType = sourcecode.c.h; path = MyMusic.h; sourceTree = "<group>"; };
		7F3A9ECA1D1800DC007C3C30 /* MyMusic.m */ = {isa = PBXFileReference; fileEncoding = 4; lastKnownFileType = sourcecode.c.objc; path = MyMusic.m; sourceTree = "<group>"; };
		7F3A9ECC1D1800FF007C3C30 /* MyTimer.h */ = {isa = PBXFileReference; fileEncoding = 4; lastKnownFileType = sourcecode.c.h; path = MyTimer.h; sourceTree = "<group>"; };
		7F3A9ECD1D1800FF007C3C30 /* MyTimer.m */ = {isa = PBXFileReference; fileEncoding = 4; lastKnownFileType = sourcecode.c.objc; path = MyTimer.m; sourceTree = "<group>"; };
		7F3A9ECF1D18010E007C3C30 /* MyLove.h */ = {isa = PBXFileReference; fileEncoding = 4; lastKnownFileType = sourcecode.c.h; path = MyLove.h; sourceTree = "<group>"; };
		7F3A9ED01D18010E007C3C30 /* MyLove.m */ = {isa = PBXFileReference; fileEncoding = 4; lastKnownFileType = sourcecode.c.objc; path = MyLove.m; sourceTree = "<group>"; };
		7F3A9ED21D180132007C3C30 /* MyMemory.h */ = {isa = PBXFileReference; fileEncoding = 4; lastKnownFileType = sourcecode.c.h; path = MyMemory.h; sourceTree = "<group>"; };
		7F3A9ED31D180132007C3C30 /* MyMemory.m */ = {isa = PBXFileReference; fileEncoding = 4; lastKnownFileType = sourcecode.c.objc; path = MyMemory.m; sourceTree = "<group>"; };
		7F8726521D1BA13900B2D430 /* MediaPlayer.framework */ = {isa = PBXFileReference; lastKnownFileType = wrapper.framework; name = MediaPlayer.framework; path = System/Library/Frameworks/MediaPlayer.framework; sourceTree = SDKROOT; };
		7F87269E1D1BE1C100B2D430 /* MarqueeLabel.h */ = {isa = PBXFileReference; fileEncoding = 4; lastKnownFileType = sourcecode.c.h; path = MarqueeLabel.h; sourceTree = "<group>"; };
		7F87269F1D1BE1C100B2D430 /* MarqueeLabel.m */ = {isa = PBXFileReference; fileEncoding = 4; lastKnownFileType = sourcecode.c.objc; path = MarqueeLabel.m; sourceTree = "<group>"; };
		7F8726A11D1BE20B00B2D430 /* QuartzCore.framework */ = {isa = PBXFileReference; lastKnownFileType = wrapper.framework; name = QuartzCore.framework; path = System/Library/Frameworks/QuartzCore.framework; sourceTree = SDKROOT; };
		7F8726DA1D1CCEE900B2D430 /* ASValuePopUpView.h */ = {isa = PBXFileReference; fileEncoding = 4; lastKnownFileType = sourcecode.c.h; path = ASValuePopUpView.h; sourceTree = "<group>"; };
		7F8726DB1D1CCEE900B2D430 /* ASValuePopUpView.m */ = {isa = PBXFileReference; fileEncoding = 4; lastKnownFileType = sourcecode.c.objc; path = ASValuePopUpView.m; sourceTree = "<group>"; };
		7F8726DC1D1CCEE900B2D430 /* ASValueTrackingSlider.h */ = {isa = PBXFileReference; fileEncoding = 4; lastKnownFileType = sourcecode.c.h; path = ASValueTrackingSlider.h; sourceTree = "<group>"; };
		7F8726DD1D1CCEE900B2D430 /* ASValueTrackingSlider.m */ = {isa = PBXFileReference; fileEncoding = 4; lastKnownFileType = sourcecode.c.objc; path = ASValueTrackingSlider.m; sourceTree = "<group>"; };
		7F8726E01D1CD69A00B2D430 /* mvplayer_progress_thumb_mini@2x.png */ = {isa = PBXFileReference; lastKnownFileType = image.png; path = "mvplayer_progress_thumb_mini@2x.png"; sourceTree = "<group>"; };
		7F8726EA1D1CE14900B2D430 /* playing_volumn_sound@2x.png */ = {isa = PBXFileReference; lastKnownFileType = image.png; path = "playing_volumn_sound@2x.png"; sourceTree = "<group>"; };
		7F8726EE1D1CE1BF00B2D430 /* playing_volumn_slide_sound_little@2x.png */ = {isa = PBXFileReference; lastKnownFileType = image.png; path = "playing_volumn_slide_sound_little@2x.png"; sourceTree = "<group>"; };
		7F8726F01D1CE23600B2D430 /* playing_volumn_nosound@2x.png */ = {isa = PBXFileReference; lastKnownFileType = image.png; path = "playing_volumn_nosound@2x.png"; sourceTree = "<group>"; };
		7F8726F21D1CE39900B2D430 /* myLoveSelect@2x.png */ = {isa = PBXFileReference; lastKnownFileType = image.png; path = "myLoveSelect@2x.png"; sourceTree = "<group>"; };
		7F8726F31D1CE39900B2D430 /* myLoveUnselect@2x.png */ = {isa = PBXFileReference; lastKnownFileType = image.png; path = "myLoveUnselect@2x.png"; sourceTree = "<group>"; };
		7F8726F61D1CE4A000B2D430 /* myMusicUnselect@2x.png */ = {isa = PBXFileReference; lastKnownFileType = image.png; path = "myMusicUnselect@2x.png"; sourceTree = "<group>"; };
		7F8726F71D1CE4A000B2D430 /* myMusicSelect@2x.png */ = {isa = PBXFileReference; lastKnownFileType = image.png; path = "myMusicSelect@2x.png"; sourceTree = "<group>"; };
		7F8726F81D1CE4A000B2D430 /* myTimerUnselect@2x.png */ = {isa = PBXFileReference; lastKnownFileType = image.png; path = "myTimerUnselect@2x.png"; sourceTree = "<group>"; };
		7F8726F91D1CE4A000B2D430 /* myTimerSelect@2x.png */ = {isa = PBXFileReference; lastKnownFileType = image.png; path = "myTimerSelect@2x.png"; sourceTree = "<group>"; };
		7F8726FA1D1CE4A000B2D430 /* myMemorySelect@2x.png */ = {isa = PBXFileReference; lastKnownFileType = image.png; path = "myMemorySelect@2x.png"; sourceTree = "<group>"; };
		7F8726FB1D1CE4A000B2D430 /* myMemoryUnselect@2x.png */ = {isa = PBXFileReference; lastKnownFileType = image.png; path = "myMemoryUnselect@2x.png"; sourceTree = "<group>"; };
		7F8727061D1CE9E100B2D430 /* volume_slider_thumb@2x.png */ = {isa = PBXFileReference; lastKnownFileType = image.png; path = "volume_slider_thumb@2x.png"; sourceTree = "<group>"; };
		7F87270C1D1CF98700B2D430 /* miniplayer_btn_play_normal.png */ = {isa = PBXFileReference; lastKnownFileType = image.png; path = miniplayer_btn_play_normal.png; sourceTree = "<group>"; };
		7F87270D1D1CF98700B2D430 /* miniplayer_btn_pause_normal.png */ = {isa = PBXFileReference; lastKnownFileType = image.png; path = miniplayer_btn_pause_normal.png; sourceTree = "<group>"; };
		7F8727101D1CFF9800B2D430 /* nousenow_player_btn_pause_normal@2x.png */ = {isa = PBXFileReference; lastKnownFileType = image.png; name = "nousenow_player_btn_pause_normal@2x.png"; path = "QQ音乐/nousenow_player_btn_pause_normal@2x.png"; sourceTree = "<group>"; };
		7F8727111D1CFF9800B2D430 /* nousenow_player_btn_pause_highlight@2x.png */ = {isa = PBXFileReference; lastKnownFileType = image.png; name = "nousenow_player_btn_pause_highlight@2x.png"; path = "QQ音乐/nousenow_player_btn_pause_highlight@2x.png"; sourceTree = "<group>"; };
		7F8727121D1CFF9800B2D430 /* nousenow_player_btn_play_highlight@2x.png */ = {isa = PBXFileReference; lastKnownFileType = image.png; name = "nousenow_player_btn_play_highlight@2x.png"; path = "QQ音乐/nousenow_player_btn_play_highlight@2x.png"; sourceTree = "<group>"; };
		7F8727131D1CFF9800B2D430 /* nousenow_player_btn_play_normal@2x.png */ = {isa = PBXFileReference; lastKnownFileType = image.png; name = "nousenow_player_btn_play_normal@2x.png"; path = "QQ音乐/nousenow_player_btn_play_normal@2x.png"; sourceTree = "<group>"; };
		7F87272A1D1D085C00B2D430 /* player_btn_next_normal@2x.png */ = {isa = PBXFileReference; lastKnownFileType = image.png; path = "player_btn_next_normal@2x.png"; sourceTree = "<group>"; };
		7F87272B1D1D085C00B2D430 /* player_btn_next_highlight@2x.png */ = {isa = PBXFileReference; lastKnownFileType = image.png; path = "player_btn_next_highlight@2x.png"; sourceTree = "<group>"; };
		7F87272C1D1D085C00B2D430 /* player_btn_pre_normal@2x.png */ = {isa = PBXFileReference; lastKnownFileType = image.png; path = "player_btn_pre_normal@2x.png"; sourceTree = "<group>"; };
		7F87272D1D1D085C00B2D430 /* player_btn_pre_highlight@2x.png */ = {isa = PBXFileReference; lastKnownFileType = image.png; path = "player_btn_pre_highlight@2x.png"; sourceTree = "<group>"; };
		7F87272E1D1D085C00B2D430 /* player_btn_pause_normal@2x.png */ = {isa = PBXFileReference; lastKnownFileType = image.png; path = "player_btn_pause_normal@2x.png"; sourceTree = "<group>"; };
		7F87272F1D1D085C00B2D430 /* player_btn_pause_highlight@2x.png */ = {isa = PBXFileReference; lastKnownFileType = image.png; path = "player_btn_pause_highlight@2x.png"; sourceTree = "<group>"; };
		7F8727301D1D085C00B2D430 /* player_btn_play_highlight@2x.png */ = {isa = PBXFileReference; lastKnownFileType = image.png; path = "player_btn_play_highlight@2x.png"; sourceTree = "<group>"; };
		7F8727311D1D085C00B2D430 /* player_btn_play_normal@2x.png */ = {isa = PBXFileReference; lastKnownFileType = image.png; path = "player_btn_play_normal@2x.png"; sourceTree = "<group>"; };
		7F87273A1D1D0C7900B2D430 /* player_btn_playlist_highlight@2x.png */ = {isa = PBXFileReference; lastKnownFileType = image.png; path = "player_btn_playlist_highlight@2x.png"; sourceTree = "<group>"; };
		7F87273B1D1D0C7900B2D430 /* player_btn_playlist_normal@2x.png */ = {isa = PBXFileReference; lastKnownFileType = image.png; path = "player_btn_playlist_normal@2x.png"; sourceTree = "<group>"; };
		7F87273E1D1D0CBF00B2D430 /* player_btn_love_highlight@2x.png */ = {isa = PBXFileReference; lastKnownFileType = image.png; path = "player_btn_love_highlight@2x.png"; sourceTree = "<group>"; };
		7F87273F1D1D0CBF00B2D430 /* player_btn_love_normal@2x.png */ = {isa = PBXFileReference; lastKnownFileType = image.png; path = "player_btn_love_normal@2x.png"; sourceTree = "<group>"; };
		7F8727421D1D0E5200B2D430 /* player_btn_random_normal@2x.png */ = {isa = PBXFileReference; lastKnownFileType = image.png; path = "player_btn_random_normal@2x.png"; sourceTree = "<group>"; };
		7F8727431D1D0E5200B2D430 /* player_btn_repeat_normal@2x.png */ = {isa = PBXFileReference; lastKnownFileType = image.png; path = "player_btn_repeat_normal@2x.png"; sourceTree = "<group>"; };
		7F8727441D1D0E5200B2D430 /* player_btn_repeatone_normal@2x.png */ = {isa = PBXFileReference; lastKnownFileType = image.png; path = "player_btn_repeatone_normal@2x.png"; sourceTree = "<group>"; };
		7F8727491D1D1D7800B2D430 /* myMusicTableViewCell.h */ = {isa = PBXFileReference; fileEncoding = 4; lastKnownFileType = sourcecode.c.h; path = myMusicTableViewCell.h; sourceTree = "<group>"; };
		7F87274A1D1D1D7800B2D430 /* myMusicTableViewCell.m */ = {isa = PBXFileReference; fileEncoding = 4; lastKnownFileType = sourcecode.c.objc; path = myMusicTableViewCell.m; sourceTree = "<group>"; };
		7FAD49861D19076700C5C449 /* TRIPLANE-Dear friends.mp3 */ = {isa = PBXFileReference; lastKnownFileType = audio.mp3; path = "TRIPLANE-Dear friends.mp3"; sourceTree = "<group>"; };
		7FAD49871D19076700C5C449 /* 마리오,네스티-Never Say Goodbye.mp3 */ = {isa = PBXFileReference; lastKnownFileType = audio.mp3; path = "마리오,네스티-Never Say Goodbye.mp3"; sourceTree = "<group>"; };
		7FAD49881D19076700C5C449 /* 조성모-陪在你身边.mp3 */ = {isa = PBXFileReference; lastKnownFileType = audio.mp3; path = "조성모-陪在你身边.mp3"; sourceTree = "<group>"; };
		7FAD49891D19076700C5C449 /* 宇多田ヒカル-Prisoner Of Love.mp3 */ = {isa = PBXFileReference; lastKnownFileType = audio.mp3; path = "宇多田ヒカル-Prisoner Of Love.mp3"; sourceTree = "<group>"; };
		7FAD498A1D19076700C5C449 /* 张赫宣-我们不该这样的 (《北上广不相信眼泪》电视剧片尾曲).mp3 */ = {isa = PBXFileReference; lastKnownFileType = audio.mp3; path = "张赫宣-我们不该这样的 (《北上广不相信眼泪》电视剧片尾曲).mp3"; sourceTree = "<group>"; };
		7FAD498B1D19076700C5C449 /* 李荣浩-李白.mp3 */ = {isa = PBXFileReference; lastKnownFileType = audio.mp3; path = "李荣浩-李白.mp3"; sourceTree = "<group>"; };
		7FAD498C1D19076700C5C449 /* 杜雯媞,王艺翔-雪.mp3 */ = {isa = PBXFileReference; lastKnownFileType = audio.mp3; path = "杜雯媞,王艺翔-雪.mp3"; sourceTree = "<group>"; };
		7FAD498D1D19076700C5C449 /* 薛之谦-演员.mp3 */ = {isa = PBXFileReference; lastKnownFileType = audio.mp3; path = "薛之谦-演员.mp3"; sourceTree = "<group>"; };
		7FAD498E1D19076700C5C449 /* 陈奕迅,王菲-因为爱情 (Live).mp3 */ = {isa = PBXFileReference; lastKnownFileType = audio.mp3; path = "陈奕迅,王菲-因为爱情 (Live).mp3"; sourceTree = "<group>"; };
		7FAD498F1D19076700C5C449 /* 陈奕迅-Sleep Alone.mp3 */ = {isa = PBXFileReference; lastKnownFileType = audio.mp3; path = "陈奕迅-Sleep Alone.mp3"; sourceTree = "<group>"; };
		7FAD49901D19076700C5C449 /* 陈奕迅-一丝不挂.mp3 */ = {isa = PBXFileReference; lastKnownFileType = audio.mp3; path = "陈奕迅-一丝不挂.mp3"; sourceTree = "<group>"; };
		7FAD49911D19076700C5C449 /* 陈奕迅-不如承诺来的简单.mp3 */ = {isa = PBXFileReference; lastKnownFileType = audio.mp3; path = "陈奕迅-不如承诺来的简单.mp3"; sourceTree = "<group>"; };
		7FAD49921D19076800C5C449 /* 陈奕迅-不要说话.mp3 */ = {isa = PBXFileReference; lastKnownFileType = audio.mp3; path = "陈奕迅-不要说话.mp3"; sourceTree = "<group>"; };
		7FAD49931D19076800C5C449 /* 陈奕迅-主旋律.mp3 */ = {isa = PBXFileReference; lastKnownFileType = audio.mp3; path = "陈奕迅-主旋律.mp3"; sourceTree = "<group>"; };
		7FAD49941D19076800C5C449 /* 陈奕迅-你给我听好.mp3 */ = {isa = PBXFileReference; lastKnownFileType = audio.mp3; path = "陈奕迅-你给我听好.mp3"; sourceTree = "<group>"; };
		7FAD49951D19076800C5C449 /* 陈奕迅-内疚.mp3 */ = {isa = PBXFileReference; lastKnownFileType = audio.mp3; path = "陈奕迅-内疚.mp3"; sourceTree = "<group>"; };
		7FAD49961D19076800C5C449 /* 陈奕迅-可以了.mp3 */ = {isa = PBXFileReference; lastKnownFileType = audio.mp3; path = "陈奕迅-可以了.mp3"; sourceTree = "<group>"; };
		7FAD49971D19076800C5C449 /* 陈奕迅-好久不见.mp3 */ = {isa = PBXFileReference; lastKnownFileType = audio.mp3; path = "陈奕迅-好久不见.mp3"; sourceTree = "<group>"; };
		7FAD49981D19076800C5C449 /* 陈奕迅-娱乐天空.mp3 */ = {isa = PBXFileReference; lastKnownFileType = audio.mp3; path = "陈奕迅-娱乐天空.mp3"; sourceTree = "<group>"; };
		7FAD49991D19076800C5C449 /* 陈奕迅-孤独患者.mp3 */ = {isa = PBXFileReference; lastKnownFileType = audio.mp3; path = "陈奕迅-孤独患者.mp3"; sourceTree = "<group>"; };
		7FAD499A1D19076800C5C449 /* 陈奕迅-完.mp3 */ = {isa = PBXFileReference; lastKnownFileType = audio.mp3; path = "陈奕迅-完.mp3"; sourceTree = "<group>"; };
		7FAD499B1D19076800C5C449 /* 陈奕迅-富士山下.mp3 */ = {isa = PBXFileReference; lastKnownFileType = audio.mp3; path = "陈奕迅-富士山下.mp3"; sourceTree = "<group>"; };
		7FAD499C1D19076800C5C449 /* 陈奕迅-对不起 谢谢.mp3 */ = {isa = PBXFileReference; lastKnownFileType = audio.mp3; path = "陈奕迅-对不起 谢谢.mp3"; sourceTree = "<group>"; };
		7FAD499D1D19076800C5C449 /* 陈奕迅-时光隧道.mp3 */ = {isa = PBXFileReference; lastKnownFileType = audio.mp3; path = "陈奕迅-时光隧道.mp3"; sourceTree = "<group>"; };
		7FAD499E1D19076800C5C449 /* 陈奕迅-暴风雨.mp3 */ = {isa = PBXFileReference; lastKnownFileType = audio.mp3; path = "陈奕迅-暴风雨.mp3"; sourceTree = "<group>"; };
		7FAD499F1D19076800C5C449 /* 陈奕迅-浮夸.mp3 */ = {isa = PBXFileReference; lastKnownFileType = audio.mp3; path = "陈奕迅-浮夸.mp3"; sourceTree = "<group>"; };
		7FAD49A01D19076800C5C449 /* 陈奕迅-淘汰.mp3 */ = {isa = PBXFileReference; lastKnownFileType = audio.mp3; path = "陈奕迅-淘汰.mp3"; sourceTree = "<group>"; };
		7FAD49A11D19076800C5C449 /* 陈奕迅-爱情转移.mp3 */ = {isa = PBXFileReference; lastKnownFileType = audio.mp3; path = "陈奕迅-爱情转移.mp3"; sourceTree = "<group>"; };
		7FAD49A21D19076800C5C449 /* 陈奕迅-看穿.mp3 */ = {isa = PBXFileReference; lastKnownFileType = audio.mp3; path = "陈奕迅-看穿.mp3"; sourceTree = "<group>"; };
		7FAD49A31D19076800C5C449 /* 陈奕迅-碌卡.mp3 */ = {isa = PBXFileReference; lastKnownFileType = audio.mp3; path = "陈奕迅-碌卡.mp3"; sourceTree = "<group>"; };
		7FAD49A41D19076800C5C449 /* 陈奕迅-稳稳的幸福.mp3 */ = {isa = PBXFileReference; lastKnownFileType = audio.mp3; path = "陈奕迅-稳稳的幸福.mp3"; sourceTree = "<group>"; };
		7FAD49A51D19076800C5C449 /* 陈奕迅-等你爱我.mp3 */ = {isa = PBXFileReference; lastKnownFileType = audio.mp3; path = "陈奕迅-等你爱我.mp3"; sourceTree = "<group>"; };
		7FAD49A61D19076800C5C449 /* 陈奕迅-红玫瑰.mp3 */ = {isa = PBXFileReference; lastKnownFileType = audio.mp3; path = "陈奕迅-红玫瑰.mp3"; sourceTree = "<group>"; };
		7FAD49A71D19076800C5C449 /* 陈奕迅-阴天快乐.mp3 */ = {isa = PBXFileReference; lastKnownFileType = audio.mp3; path = "陈奕迅-阴天快乐.mp3"; sourceTree = "<group>"; };
		7FAD49A81D19076800C5C449 /* 陈奕迅-陪你度过漫长岁月.mp3 */ = {isa = PBXFileReference; lastKnownFileType = audio.mp3; path = "陈奕迅-陪你度过漫长岁月.mp3"; sourceTree = "<group>"; };
		7FAD49A91D19076800C5C449 /* 韩安旭-多幸运.mp3 */ = {isa = PBXFileReference; lastKnownFileType = audio.mp3; path = "韩安旭-多幸运.mp3"; sourceTree = "<group>"; };
		7FAD49AA1D19076800C5C449 /* 韩红,陈奕迅-十年 (Live).mp3 */ = {isa = PBXFileReference; lastKnownFileType = audio.mp3; path = "韩红,陈奕迅-十年 (Live).mp3"; sourceTree = "<group>"; };
		7FAD49D21D19268700C5C449 /* music.png */ = {isa = PBXFileReference; lastKnownFileType = image.png; path = music.png; sourceTree = "<group>"; };
		7FAD49D51D1928A000C5C449 /* AVFoundation.framework */ = {isa = PBXFileReference; lastKnownFileType = wrapper.framework; name = AVFoundation.framework; path = System/Library/Frameworks/AVFoundation.framework; sourceTree = SDKROOT; };
		7FAD49E11D194D9900C5C449 /* zh-Hans */ = {isa = PBXFileReference; lastKnownFileType = text.plist.strings; name = "zh-Hans"; path = "zh-Hans.lproj/Main.strings"; sourceTree = "<group>"; };
		7FAD49E21D194D9900C5C449 /* zh-Hans */ = {isa = PBXFileReference; lastKnownFileType = text.plist.strings; name = "zh-Hans"; path = "zh-Hans.lproj/LaunchScreen.strings"; sourceTree = "<group>"; };
		7FF14C6B1D1A570F008E2706 /* AnimatiomView.h */ = {isa = PBXFileReference; fileEncoding = 4; lastKnownFileType = sourcecode.c.h; path = AnimatiomView.h; sourceTree = "<group>"; };
		7FF14C6C1D1A570F008E2706 /* AnimatiomView.m */ = {isa = PBXFileReference; fileEncoding = 4; lastKnownFileType = sourcecode.c.objc; path = AnimatiomView.m; sourceTree = "<group>"; };
		7FF14C6E1D1A570F008E2706 /* CircleLayer.h */ = {isa = PBXFileReference; fileEncoding = 4; lastKnownFileType = sourcecode.c.h; path = CircleLayer.h; sourceTree = "<group>"; };
		7FF14C6F1D1A570F008E2706 /* CircleLayer.m */ = {isa = PBXFileReference; fileEncoding = 4; lastKnownFileType = sourcecode.c.objc; path = CircleLayer.m; sourceTree = "<group>"; };
		7FF14C701D1A570F008E2706 /* RectangleLayer.h */ = {isa = PBXFileReference; fileEncoding = 4; lastKnownFileType = sourcecode.c.h; path = RectangleLayer.h; sourceTree = "<group>"; };
		7FF14C711D1A570F008E2706 /* RectangleLayer.m */ = {isa = PBXFileReference; fileEncoding = 4; lastKnownFileType = sourcecode.c.objc; path = RectangleLayer.m; sourceTree = "<group>"; };
		7FF14C721D1A570F008E2706 /* TriangleLayer.h */ = {isa = PBXFileReference; fileEncoding = 4; lastKnownFileType = sourcecode.c.h; path = TriangleLayer.h; sourceTree = "<group>"; };
		7FF14C731D1A570F008E2706 /* TriangleLayer.m */ = {isa = PBXFileReference; fileEncoding = 4; lastKnownFileType = sourcecode.c.objc; path = TriangleLayer.m; sourceTree = "<group>"; };
		7FF14C741D1A570F008E2706 /* WaveLayer.h */ = {isa = PBXFileReference; fileEncoding = 4; lastKnownFileType = sourcecode.c.h; path = WaveLayer.h; sourceTree = "<group>"; };
		7FF14C751D1A570F008E2706 /* WaveLayer.m */ = {isa = PBXFileReference; fileEncoding = 4; lastKnownFileType = sourcecode.c.objc; path = WaveLayer.m; sourceTree = "<group>"; };
		7FF14C771D1A570F008E2706 /* UIColor+Hex.h */ = {isa = PBXFileReference; fileEncoding = 4; lastKnownFileType = sourcecode.c.h; path = "UIColor+Hex.h"; sourceTree = "<group>"; };
		7FF14C781D1A570F008E2706 /* UIColor+Hex.m */ = {isa = PBXFileReference; fileEncoding = 4; lastKnownFileType = sourcecode.c.objc; path = "UIColor+Hex.m"; sourceTree = "<group>"; };
		7FF14CB01D1A99F9008E2706 /* nousenow_player_btn_next_highlight@2x.png */ = {isa = PBXFileReference; lastKnownFileType = image.png; path = "nousenow_player_btn_next_highlight@2x.png"; sourceTree = "<group>"; };
		7FF14CB11D1A99F9008E2706 /* nousenow_player_btn_next_normal@2x.png */ = {isa = PBXFileReference; lastKnownFileType = image.png; path = "nousenow_player_btn_next_normal@2x.png"; sourceTree = "<group>"; };
		7FF14CB21D1A99F9008E2706 /* nousenow_player_btn_pre_highlight@2x.png */ = {isa = PBXFileReference; lastKnownFileType = image.png; path = "nousenow_player_btn_pre_highlight@2x.png"; sourceTree = "<group>"; };
		7FF14CB31D1A99F9008E2706 /* nousenow_player_btn_pre_normal@2x.png */ = {isa = PBXFileReference; lastKnownFileType = image.png; path = "nousenow_player_btn_pre_normal@2x.png"; sourceTree = "<group>"; };
/* End PBXFileReference section */

/* Begin PBXFrameworksBuildPhase section */
		7F3A9E7B1D17FE7A007C3C30 /* Frameworks */ = {
			isa = PBXFrameworksBuildPhase;
			buildActionMask = 2147483647;
			files = (
				7F8726A21D1BE20B00B2D430 /* QuartzCore.framework in Frameworks */,
				7F8726531D1BA13900B2D430 /* MediaPlayer.framework in Frameworks */,
				7FAD49D61D1928A000C5C449 /* AVFoundation.framework in Frameworks */,
			);
			runOnlyForDeploymentPostprocessing = 0;
		};
		7F3A9E971D17FE7A007C3C30 /* Frameworks */ = {
			isa = PBXFrameworksBuildPhase;
			buildActionMask = 2147483647;
			files = (
			);
			runOnlyForDeploymentPostprocessing = 0;
		};
		7F3A9EA21D17FE7A007C3C30 /* Frameworks */ = {
			isa = PBXFrameworksBuildPhase;
			buildActionMask = 2147483647;
			files = (
			);
			runOnlyForDeploymentPostprocessing = 0;
		};
/* End PBXFrameworksBuildPhase section */

/* Begin PBXGroup section */
		7F3A9E751D17FE7A007C3C30 = {
			isa = PBXGroup;
			children = (
				7F3A9E801D17FE7A007C3C30 /* MusicX */,
				7F3A9E9D1D17FE7A007C3C30 /* MusicXTests */,
				7F3A9EA81D17FE7A007C3C30 /* MusicXUITests */,
				7F3A9E7F1D17FE7A007C3C30 /* Products */,
			);
			sourceTree = "<group>";
		};
		7F3A9E7F1D17FE7A007C3C30 /* Products */ = {
			isa = PBXGroup;
			children = (
				7F3A9E7E1D17FE7A007C3C30 /* MusicX.app */,
				7F3A9E9A1D17FE7A007C3C30 /* MusicXTests.xctest */,
				7F3A9EA51D17FE7A007C3C30 /* MusicXUITests.xctest */,
			);
			name = Products;
			sourceTree = "<group>";
		};
		7F3A9E801D17FE7A007C3C30 /* MusicX */ = {
			isa = PBXGroup;
			children = (
				7F3A9E841D17FE7A007C3C30 /* AppDelegate.h */,
				7F3A9E851D17FE7A007C3C30 /* AppDelegate.m */,
				7F3A9E8A1D17FE7A007C3C30 /* Main.storyboard */,
				7F3A9ED51D18014F007C3C30 /* MainViewControllers */,
				7FAD49851D19076700C5C449 /* QQ音乐 */,
				7F3A9E811D17FE7A007C3C30 /* Supporting Files */,
			);
			path = MusicX;
			sourceTree = "<group>";
		};
		7F3A9E811D17FE7A007C3C30 /* Supporting Files */ = {
			isa = PBXGroup;
			children = (
				7F8727481D1D0F0600B2D430 /* image */,
				7F3A9E901D17FE7A007C3C30 /* Assets.xcassets */,
				7F3A9E921D17FE7A007C3C30 /* LaunchScreen.storyboard */,
				7F3A9E951D17FE7A007C3C30 /* Info.plist */,
				7F3A9E821D17FE7A007C3C30 /* main.m */,
				7F3A9E8D1D17FE7A007C3C30 /* MusicX.xcdatamodeld */,
				7FAD49D41D19288100C5C449 /* framework */,
			);
			name = "Supporting Files";
			sourceTree = "<group>";
		};
		7F3A9E9D1D17FE7A007C3C30 /* MusicXTests */ = {
			isa = PBXGroup;
			children = (
				7F3A9E9E1D17FE7A007C3C30 /* MusicXTests.m */,
				7F3A9EA01D17FE7A007C3C30 /* Info.plist */,
			);
			path = MusicXTests;
			sourceTree = "<group>";
		};
		7F3A9EA81D17FE7A007C3C30 /* MusicXUITests */ = {
			isa = PBXGroup;
			children = (
				7F3A9EA91D17FE7A007C3C30 /* MusicXUITests.m */,
				7F3A9EAB1D17FE7A007C3C30 /* Info.plist */,
			);
			path = MusicXUITests;
			sourceTree = "<group>";
		};
		7F3A9ED51D18014F007C3C30 /* MainViewControllers */ = {
			isa = PBXGroup;
			children = (
				7F3A9EC91D1800DC007C3C30 /* MyMusic.h */,
				7F3A9ECA1D1800DC007C3C30 /* MyMusic.m */,
				7F8727491D1D1D7800B2D430 /* myMusicTableViewCell.h */,
				7F87274A1D1D1D7800B2D430 /* myMusicTableViewCell.m */,
				7F3A9ECF1D18010E007C3C30 /* MyLove.h */,
				7F3A9ED01D18010E007C3C30 /* MyLove.m */,
				7F3A9ECC1D1800FF007C3C30 /* MyTimer.h */,
				7F3A9ECD1D1800FF007C3C30 /* MyTimer.m */,
				7F3A9ED21D180132007C3C30 /* MyMemory.h */,
				7F3A9ED31D180132007C3C30 /* MyMemory.m */,
			);
			name = MainViewControllers;
			sourceTree = "<group>";
		};
		7F87269D1D1BE19E00B2D430 /* rollLabel */ = {
			isa = PBXGroup;
			children = (
				7F87269E1D1BE1C100B2D430 /* MarqueeLabel.h */,
				7F87269F1D1BE1C100B2D430 /* MarqueeLabel.m */,
			);
			name = rollLabel;
			sourceTree = "<group>";
		};
		7F8726D91D1CCEE900B2D430 /* ASValueTrackingSlider */ = {
			isa = PBXGroup;
			children = (
				7F8726DA1D1CCEE900B2D430 /* ASValuePopUpView.h */,
				7F8726DB1D1CCEE900B2D430 /* ASValuePopUpView.m */,
				7F8726DC1D1CCEE900B2D430 /* ASValueTrackingSlider.h */,
				7F8726DD1D1CCEE900B2D430 /* ASValueTrackingSlider.m */,
			);
			name = ASValueTrackingSlider;
			path = "QQ音乐/ASValueTrackingSlider";
			sourceTree = "<group>";
		};
		7F8727481D1D0F0600B2D430 /* image */ = {
			isa = PBXGroup;
			children = (
				7F8726E01D1CD69A00B2D430 /* mvplayer_progress_thumb_mini@2x.png */,
				7F8726EE1D1CE1BF00B2D430 /* playing_volumn_slide_sound_little@2x.png */,
				7F8726EA1D1CE14900B2D430 /* playing_volumn_sound@2x.png */,
				7F8726F01D1CE23600B2D430 /* playing_volumn_nosound@2x.png */,
				7F8727061D1CE9E100B2D430 /* volume_slider_thumb@2x.png */,
				7F87270C1D1CF98700B2D430 /* miniplayer_btn_play_normal.png */,
				7F87270D1D1CF98700B2D430 /* miniplayer_btn_pause_normal.png */,
				7F8726F61D1CE4A000B2D430 /* myMusicUnselect@2x.png */,
				7F8726F71D1CE4A000B2D430 /* myMusicSelect@2x.png */,
				7F8726F21D1CE39900B2D430 /* myLoveSelect@2x.png */,
				7F8726F31D1CE39900B2D430 /* myLoveUnselect@2x.png */,
				7F8726F81D1CE4A000B2D430 /* myTimerUnselect@2x.png */,
				7F8726F91D1CE4A000B2D430 /* myTimerSelect@2x.png */,
				7F8726FA1D1CE4A000B2D430 /* myMemorySelect@2x.png */,
				7F8726FB1D1CE4A000B2D430 /* myMemoryUnselect@2x.png */,
				7F87272A1D1D085C00B2D430 /* player_btn_next_normal@2x.png */,
				7F87272B1D1D085C00B2D430 /* player_btn_next_highlight@2x.png */,
				7F87272C1D1D085C00B2D430 /* player_btn_pre_normal@2x.png */,
				7F87272D1D1D085C00B2D430 /* player_btn_pre_highlight@2x.png */,
				7F87272E1D1D085C00B2D430 /* player_btn_pause_normal@2x.png */,
				7F87272F1D1D085C00B2D430 /* player_btn_pause_highlight@2x.png */,
				7F8727301D1D085C00B2D430 /* player_btn_play_highlight@2x.png */,
				7F8727311D1D085C00B2D430 /* player_btn_play_normal@2x.png */,
				7F8727101D1CFF9800B2D430 /* nousenow_player_btn_pause_normal@2x.png */,
				7F8727111D1CFF9800B2D430 /* nousenow_player_btn_pause_highlight@2x.png */,
				7F8727121D1CFF9800B2D430 /* nousenow_player_btn_play_highlight@2x.png */,
				7F8727131D1CFF9800B2D430 /* nousenow_player_btn_play_normal@2x.png */,
				7FF14CB01D1A99F9008E2706 /* nousenow_player_btn_next_highlight@2x.png */,
				7FF14CB11D1A99F9008E2706 /* nousenow_player_btn_next_normal@2x.png */,
				7FF14CB21D1A99F9008E2706 /* nousenow_player_btn_pre_highlight@2x.png */,
				7FF14CB31D1A99F9008E2706 /* nousenow_player_btn_pre_normal@2x.png */,
				7FAD49D21D19268700C5C449 /* music.png */,
				7F87273A1D1D0C7900B2D430 /* player_btn_playlist_highlight@2x.png */,
				7F87273B1D1D0C7900B2D430 /* player_btn_playlist_normal@2x.png */,
				7F87273E1D1D0CBF00B2D430 /* player_btn_love_highlight@2x.png */,
				7F87273F1D1D0CBF00B2D430 /* player_btn_love_normal@2x.png */,
				7F8727421D1D0E5200B2D430 /* player_btn_random_normal@2x.png */,
				7F8727431D1D0E5200B2D430 /* player_btn_repeat_normal@2x.png */,
				7F8727441D1D0E5200B2D430 /* player_btn_repeatone_normal@2x.png */,
			);
			name = image;
			sourceTree = "<group>";
		};
		7FAD49851D19076700C5C449 /* QQ音乐 */ = {
			isa = PBXGroup;
			children = (
				7FAD49861D19076700C5C449 /* TRIPLANE-Dear friends.mp3 */,
				7FAD49871D19076700C5C449 /* 마리오,네스티-Never Say Goodbye.mp3 */,
				7FAD49881D19076700C5C449 /* 조성모-陪在你身边.mp3 */,
				7FAD49891D19076700C5C449 /* 宇多田ヒカル-Prisoner Of Love.mp3 */,
				7FAD498A1D19076700C5C449 /* 张赫宣-我们不该这样的 (《北上广不相信眼泪》电视剧片尾曲).mp3 */,
				7FAD498B1D19076700C5C449 /* 李荣浩-李白.mp3 */,
				7FAD498C1D19076700C5C449 /* 杜雯媞,王艺翔-雪.mp3 */,
				7FAD498D1D19076700C5C449 /* 薛之谦-演员.mp3 */,
				7FAD498E1D19076700C5C449 /* 陈奕迅,王菲-因为爱情 (Live).mp3 */,
				7FAD498F1D19076700C5C449 /* 陈奕迅-Sleep Alone.mp3 */,
				7FAD49901D19076700C5C449 /* 陈奕迅-一丝不挂.mp3 */,
				7FAD49911D19076700C5C449 /* 陈奕迅-不如承诺来的简单.mp3 */,
				7FAD49921D19076800C5C449 /* 陈奕迅-不要说话.mp3 */,
				7FAD49931D19076800C5C449 /* 陈奕迅-主旋律.mp3 */,
				7FAD49941D19076800C5C449 /* 陈奕迅-你给我听好.mp3 */,
				7FAD49951D19076800C5C449 /* 陈奕迅-内疚.mp3 */,
				7FAD49961D19076800C5C449 /* 陈奕迅-可以了.mp3 */,
				7FAD49971D19076800C5C449 /* 陈奕迅-好久不见.mp3 */,
				7FAD49981D19076800C5C449 /* 陈奕迅-娱乐天空.mp3 */,
				7FAD49991D19076800C5C449 /* 陈奕迅-孤独患者.mp3 */,
				7FAD499A1D19076800C5C449 /* 陈奕迅-完.mp3 */,
				7FAD499B1D19076800C5C449 /* 陈奕迅-富士山下.mp3 */,
				7FAD499C1D19076800C5C449 /* 陈奕迅-对不起 谢谢.mp3 */,
				7FAD499D1D19076800C5C449 /* 陈奕迅-时光隧道.mp3 */,
				7FAD499E1D19076800C5C449 /* 陈奕迅-暴风雨.mp3 */,
				7FAD499F1D19076800C5C449 /* 陈奕迅-浮夸.mp3 */,
				7FAD49A01D19076800C5C449 /* 陈奕迅-淘汰.mp3 */,
				7FAD49A11D19076800C5C449 /* 陈奕迅-爱情转移.mp3 */,
				7FAD49A21D19076800C5C449 /* 陈奕迅-看穿.mp3 */,
				7FAD49A31D19076800C5C449 /* 陈奕迅-碌卡.mp3 */,
				7FAD49A41D19076800C5C449 /* 陈奕迅-稳稳的幸福.mp3 */,
				7FAD49A51D19076800C5C449 /* 陈奕迅-等你爱我.mp3 */,
				7FAD49A61D19076800C5C449 /* 陈奕迅-红玫瑰.mp3 */,
				7FAD49A71D19076800C5C449 /* 陈奕迅-阴天快乐.mp3 */,
				7FAD49A81D19076800C5C449 /* 陈奕迅-陪你度过漫长岁月.mp3 */,
				7FAD49A91D19076800C5C449 /* 韩安旭-多幸运.mp3 */,
				7FAD49AA1D19076800C5C449 /* 韩红,陈奕迅-十年 (Live).mp3 */,
			);
			path = "QQ音乐";
			sourceTree = "<group>";
		};
		7FAD49D41D19288100C5C449 /* framework */ = {
			isa = PBXGroup;
			children = (
				7FF14C691D1A56DE008E2706 /* launchScreenAnimation */,
				7F87269D1D1BE19E00B2D430 /* rollLabel */,
				7F8726D91D1CCEE900B2D430 /* ASValueTrackingSlider */,
				7F8726A11D1BE20B00B2D430 /* QuartzCore.framework */,
				7F8726521D1BA13900B2D430 /* MediaPlayer.framework */,
				7FAD49D51D1928A000C5C449 /* AVFoundation.framework */,
			);
			name = framework;
			sourceTree = "<group>";
		};
		7FF14C691D1A56DE008E2706 /* launchScreenAnimation */ = {
			isa = PBXGroup;
			children = (
				7FF14C6A1D1A570F008E2706 /* HWView */,
				7FF14C761D1A570F008E2706 /* Others */,
			);
			name = launchScreenAnimation;
			path = "QQ音乐";
			sourceTree = "<group>";
		};
		7FF14C6A1D1A570F008E2706 /* HWView */ = {
			isa = PBXGroup;
			children = (
				7FF14C6B1D1A570F008E2706 /* AnimatiomView.h */,
				7FF14C6C1D1A570F008E2706 /* AnimatiomView.m */,
				7FF14C6D1D1A570F008E2706 /* HWLayer */,
			);
			path = HWView;
			sourceTree = "<group>";
		};
		7FF14C6D1D1A570F008E2706 /* HWLayer */ = {
			isa = PBXGroup;
			children = (
				7FF14C6E1D1A570F008E2706 /* CircleLayer.h */,
				7FF14C6F1D1A570F008E2706 /* CircleLayer.m */,
				7FF14C701D1A570F008E2706 /* RectangleLayer.h */,
				7FF14C711D1A570F008E2706 /* RectangleLayer.m */,
				7FF14C721D1A570F008E2706 /* TriangleLayer.h */,
				7FF14C731D1A570F008E2706 /* TriangleLayer.m */,
				7FF14C741D1A570F008E2706 /* WaveLayer.h */,
				7FF14C751D1A570F008E2706 /* WaveLayer.m */,
			);
			path = HWLayer;
			sourceTree = "<group>";
		};
		7FF14C761D1A570F008E2706 /* Others */ = {
			isa = PBXGroup;
			children = (
				7FF14C771D1A570F008E2706 /* UIColor+Hex.h */,
				7FF14C781D1A570F008E2706 /* UIColor+Hex.m */,
			);
			path = Others;
			sourceTree = "<group>";
		};
/* End PBXGroup section */

/* Begin PBXNativeTarget section */
		7F3A9E7D1D17FE7A007C3C30 /* MusicX */ = {
			isa = PBXNativeTarget;
			buildConfigurationList = 7F3A9EAE1D17FE7A007C3C30 /* Build configuration list for PBXNativeTarget "MusicX" */;
			buildPhases = (
				7F3A9E7A1D17FE7A007C3C30 /* Sources */,
				7F3A9E7B1D17FE7A007C3C30 /* Frameworks */,
				7F3A9E7C1D17FE7A007C3C30 /* Resources */,
			);
			buildRules = (
			);
			dependencies = (
			);
			name = MusicX;
			productName = MusicX;
			productReference = 7F3A9E7E1D17FE7A007C3C30 /* MusicX.app */;
			productType = "com.apple.product-type.application";
		};
		7F3A9E991D17FE7A007C3C30 /* MusicXTests */ = {
			isa = PBXNativeTarget;
			buildConfigurationList = 7F3A9EB11D17FE7A007C3C30 /* Build configuration list for PBXNativeTarget "MusicXTests" */;
			buildPhases = (
				7F3A9E961D17FE7A007C3C30 /* Sources */,
				7F3A9E971D17FE7A007C3C30 /* Frameworks */,
				7F3A9E981D17FE7A007C3C30 /* Resources */,
			);
			buildRules = (
			);
			dependencies = (
				7F3A9E9C1D17FE7A007C3C30 /* PBXTargetDependency */,
			);
			name = MusicXTests;
			productName = MusicXTests;
			productReference = 7F3A9E9A1D17FE7A007C3C30 /* MusicXTests.xctest */;
			productType = "com.apple.product-type.bundle.unit-test";
		};
		7F3A9EA41D17FE7A007C3C30 /* MusicXUITests */ = {
			isa = PBXNativeTarget;
			buildConfigurationList = 7F3A9EB41D17FE7A007C3C30 /* Build configuration list for PBXNativeTarget "MusicXUITests" */;
			buildPhases = (
				7F3A9EA11D17FE7A007C3C30 /* Sources */,
				7F3A9EA21D17FE7A007C3C30 /* Frameworks */,
				7F3A9EA31D17FE7A007C3C30 /* Resources */,
			);
			buildRules = (
			);
			dependencies = (
				7F3A9EA71D17FE7A007C3C30 /* PBXTargetDependency */,
			);
			name = MusicXUITests;
			productName = MusicXUITests;
			productReference = 7F3A9EA51D17FE7A007C3C30 /* MusicXUITests.xctest */;
			productType = "com.apple.product-type.bundle.ui-testing";
		};
/* End PBXNativeTarget section */

/* Begin PBXProject section */
		7F3A9E761D17FE7A007C3C30 /* Project object */ = {
			isa = PBXProject;
			attributes = {
				LastUpgradeCheck = 0700;
				ORGANIZATIONNAME = "顾明轩";
				TargetAttributes = {
					7F3A9E7D1D17FE7A007C3C30 = {
						CreatedOnToolsVersion = 7.0;
						DevelopmentTeam = CRW993P9U2;
						SystemCapabilities = {
							com.apple.BackgroundModes = {
								enabled = 1;
							};
						};
					};
					7F3A9E991D17FE7A007C3C30 = {
						CreatedOnToolsVersion = 7.0;
						DevelopmentTeam = CRW993P9U2;
						TestTargetID = 7F3A9E7D1D17FE7A007C3C30;
					};
					7F3A9EA41D17FE7A007C3C30 = {
						CreatedOnToolsVersion = 7.0;
						DevelopmentTeam = CRW993P9U2;
						TestTargetID = 7F3A9E7D1D17FE7A007C3C30;
					};
				};
			};
			buildConfigurationList = 7F3A9E791D17FE7A007C3C30 /* Build configuration list for PBXProject "MusicX" */;
			compatibilityVersion = "Xcode 3.2";
			developmentRegion = English;
			hasScannedForEncodings = 0;
			knownRegions = (
				en,
				Base,
			);
			mainGroup = 7F3A9E751D17FE7A007C3C30;
			productRefGroup = 7F3A9E7F1D17FE7A007C3C30 /* Products */;
			projectDirPath = "";
			projectRoot = "";
			targets = (
				7F3A9E7D1D17FE7A007C3C30 /* MusicX */,
				7F3A9E991D17FE7A007C3C30 /* MusicXTests */,
				7F3A9EA41D17FE7A007C3C30 /* MusicXUITests */,
			);
		};
/* End PBXProject section */

/* Begin PBXResourcesBuildPhase section */
		7F3A9E7C1D17FE7A007C3C30 /* Resources */ = {
			isa = PBXResourcesBuildPhase;
			buildActionMask = 2147483647;
			files = (
				7F8727171D1CFF9800B2D430 /* nousenow_player_btn_play_normal@2x.png in Resources */,
				7FAD49CF1D19076800C5C449 /* 韩红,陈奕迅-十年 (Live).mp3 in Resources */,
				7FAD49AB1D19076800C5C449 /* TRIPLANE-Dear friends.mp3 in Resources */,
				7F8726EF1D1CE1BF00B2D430 /* playing_volumn_slide_sound_little@2x.png in Resources */,
				7FAD49CC1D19076800C5C449 /* 陈奕迅-阴天快乐.mp3 in Resources */,
				7FAD49B21D19076800C5C449 /* 薛之谦-演员.mp3 in Resources */,
				7F8726E11D1CD69A00B2D430 /* mvplayer_progress_thumb_mini@2x.png in Resources */,
				7F8726F41D1CE39900B2D430 /* myLoveSelect@2x.png in Resources */,
				7FF14CB51D1A99F9008E2706 /* nousenow_player_btn_next_normal@2x.png in Resources */,
				7FAD49C61D19076800C5C449 /* 陈奕迅-爱情转移.mp3 in Resources */,
				7FAD49B11D19076800C5C449 /* 杜雯媞,王艺翔-雪.mp3 in Resources */,
				7F8727151D1CFF9800B2D430 /* nousenow_player_btn_pause_highlight@2x.png in Resources */,
				7FAD49C81D19076800C5C449 /* 陈奕迅-碌卡.mp3 in Resources */,
				7F87273D1D1D0C7900B2D430 /* player_btn_playlist_normal@2x.png in Resources */,
				7FAD49B51D19076800C5C449 /* 陈奕迅-一丝不挂.mp3 in Resources */,
				7FAD49C21D19076800C5C449 /* 陈奕迅-时光隧道.mp3 in Resources */,
				7FAD49CE1D19076800C5C449 /* 韩安旭-多幸运.mp3 in Resources */,
				7FAD49AC1D19076800C5C449 /* 마리오,네스티-Never Say Goodbye.mp3 in Resources */,
				7FAD49BF1D19076800C5C449 /* 陈奕迅-完.mp3 in Resources */,
				7F8727451D1D0E5200B2D430 /* player_btn_random_normal@2x.png in Resources */,
				7F8727411D1D0CBF00B2D430 /* player_btn_love_normal@2x.png in Resources */,
				7FAD49C51D19076800C5C449 /* 陈奕迅-淘汰.mp3 in Resources */,
				7F8727381D1D085C00B2D430 /* player_btn_play_highlight@2x.png in Resources */,
				7F8727071D1CE9E100B2D430 /* volume_slider_thumb@2x.png in Resources */,
				7FAD49C91D19076800C5C449 /* 陈奕迅-稳稳的幸福.mp3 in Resources */,
				7FF14CB61D1A99F9008E2706 /* nousenow_player_btn_pre_highlight@2x.png in Resources */,
				7F8727321D1D085C00B2D430 /* player_btn_next_normal@2x.png in Resources */,
				7F8726ED1D1CE14900B2D430 /* playing_volumn_sound@2x.png in Resources */,
				7F8727401D1D0CBF00B2D430 /* player_btn_love_highlight@2x.png in Resources */,
				7FAD49BA1D19076800C5C449 /* 陈奕迅-内疚.mp3 in Resources */,
				7FAD49B81D19076800C5C449 /* 陈奕迅-主旋律.mp3 in Resources */,
				7FAD49B71D19076800C5C449 /* 陈奕迅-不要说话.mp3 in Resources */,
				7FF14CB71D1A99F9008E2706 /* nousenow_player_btn_pre_normal@2x.png in Resources */,
				7F8727001D1CE4A000B2D430 /* myMemorySelect@2x.png in Resources */,
				7FAD49C71D19076800C5C449 /* 陈奕迅-看穿.mp3 in Resources */,
				7FAD49BD1D19076800C5C449 /* 陈奕迅-娱乐天空.mp3 in Resources */,
				7F8727161D1CFF9800B2D430 /* nousenow_player_btn_play_highlight@2x.png in Resources */,
				7FAD49BB1D19076800C5C449 /* 陈奕迅-可以了.mp3 in Resources */,
				7FAD49BC1D19076800C5C449 /* 陈奕迅-好久不见.mp3 in Resources */,
				7F8726F11D1CE23600B2D430 /* playing_volumn_nosound@2x.png in Resources */,
				7FAD49D31D19268700C5C449 /* music.png in Resources */,
				7F8727351D1D085C00B2D430 /* player_btn_pre_highlight@2x.png in Resources */,
				7F8726F51D1CE39900B2D430 /* myLoveUnselect@2x.png in Resources */,
				7F8727391D1D085C00B2D430 /* player_btn_play_normal@2x.png in Resources */,
				7FAD49C01D19076800C5C449 /* 陈奕迅-富士山下.mp3 in Resources */,
				7FAD49BE1D19076800C5C449 /* 陈奕迅-孤独患者.mp3 in Resources */,
				7FAD49B41D19076800C5C449 /* 陈奕迅-Sleep Alone.mp3 in Resources */,
				7F8727331D1D085C00B2D430 /* player_btn_next_highlight@2x.png in Resources */,
				7F8727341D1D085C00B2D430 /* player_btn_pre_normal@2x.png in Resources */,
				7F87270E1D1CF98700B2D430 /* miniplayer_btn_play_normal.png in Resources */,
				7FAD49B01D19076800C5C449 /* 李荣浩-李白.mp3 in Resources */,
				7F3A9E941D17FE7A007C3C30 /* LaunchScreen.storyboard in Resources */,
				7FF14CB41D1A99F9008E2706 /* nousenow_player_btn_next_highlight@2x.png in Resources */,
				7F8726FE1D1CE4A000B2D430 /* myTimerUnselect@2x.png in Resources */,
				7F8726FD1D1CE4A000B2D430 /* myMusicSelect@2x.png in Resources */,
				7F8727141D1CFF9800B2D430 /* nousenow_player_btn_pause_normal@2x.png in Resources */,
				7FAD49CA1D19076800C5C449 /* 陈奕迅-等你爱我.mp3 in Resources */,
				7F8726FC1D1CE4A000B2D430 /* myMusicUnselect@2x.png in Resources */,
				7FAD49AF1D19076800C5C449 /* 张赫宣-我们不该这样的 (《北上广不相信眼泪》电视剧片尾曲).mp3 in Resources */,
				7FAD49B91D19076800C5C449 /* 陈奕迅-你给我听好.mp3 in Resources */,
				7F8726FF1D1CE4A000B2D430 /* myTimerSelect@2x.png in Resources */,
				7FAD49AE1D19076800C5C449 /* 宇多田ヒカル-Prisoner Of Love.mp3 in Resources */,
				7F8727371D1D085C00B2D430 /* player_btn_pause_highlight@2x.png in Resources */,
				7F3A9E911D17FE7A007C3C30 /* Assets.xcassets in Resources */,
				7FAD49C31D19076800C5C449 /* 陈奕迅-暴风雨.mp3 in Resources */,
				7FAD49AD1D19076800C5C449 /* 조성모-陪在你身边.mp3 in Resources */,
				7FAD49C11D19076800C5C449 /* 陈奕迅-对不起 谢谢.mp3 in Resources */,
				7F8727471D1D0E5200B2D430 /* player_btn_repeatone_normal@2x.png in Resources */,
				7FAD49CB1D19076800C5C449 /* 陈奕迅-红玫瑰.mp3 in Resources */,
				7F3A9E8C1D17FE7A007C3C30 /* Main.storyboard in Resources */,
				7FAD49CD1D19076800C5C449 /* 陈奕迅-陪你度过漫长岁月.mp3 in Resources */,
				7F87273C1D1D0C7900B2D430 /* player_btn_playlist_highlight@2x.png in Resources */,
				7FAD49C41D19076800C5C449 /* 陈奕迅-浮夸.mp3 in Resources */,
				7F8727461D1D0E5200B2D430 /* player_btn_repeat_normal@2x.png in Resources */,
				7FAD49B31D19076800C5C449 /* 陈奕迅,王菲-因为爱情 (Live).mp3 in Resources */,
				7F8727361D1D085C00B2D430 /* player_btn_pause_normal@2x.png in Resources */,
				7F8727011D1CE4A000B2D430 /* myMemoryUnselect@2x.png in Resources */,
				7FAD49B61D19076800C5C449 /* 陈奕迅-不如承诺来的简单.mp3 in Resources */,
				7F87270F1D1CF98700B2D430 /* miniplayer_btn_pause_normal.png in Resources */,
			);
			runOnlyForDeploymentPostprocessing = 0;
		};
		7F3A9E981D17FE7A007C3C30 /* Resources */ = {
			isa = PBXResourcesBuildPhase;
			buildActionMask = 2147483647;
			files = (
			);
			runOnlyForDeploymentPostprocessing = 0;
		};
		7F3A9EA31D17FE7A007C3C30 /* Resources */ = {
			isa = PBXResourcesBuildPhase;
			buildActionMask = 2147483647;
			files = (
			);
			runOnlyForDeploymentPostprocessing = 0;
		};
/* End PBXResourcesBuildPhase section */

/* Begin PBXSourcesBuildPhase section */
		7F3A9E7A1D17FE7A007C3C30 /* Sources */ = {
			isa = PBXSourcesBuildPhase;
			buildActionMask = 2147483647;
			files = (
				7FF14C7A1D1A570F008E2706 /* CircleLayer.m in Sources */,
				7F3A9ECE1D1800FF007C3C30 /* MyTimer.m in Sources */,
				7F87274B1D1D1D7800B2D430 /* myMusicTableViewCell.m in Sources */,
				7FF14C7D1D1A570F008E2706 /* WaveLayer.m in Sources */,
				7F8726A01D1BE1C100B2D430 /* MarqueeLabel.m in Sources */,
				7F3A9ED11D18010E007C3C30 /* MyLove.m in Sources */,
				7FF14C7B1D1A570F008E2706 /* RectangleLayer.m in Sources */,
				7F3A9E8F1D17FE7A007C3C30 /* MusicX.xcdatamodeld in Sources */,
				7F3A9E861D17FE7A007C3C30 /* AppDelegate.m in Sources */,
				7FF14C791D1A570F008E2706 /* AnimatiomView.m in Sources */,
				7F8726DF1D1CCEE900B2D430 /* ASValueTrackingSlider.m in Sources */,
				7F3A9E831D17FE7A007C3C30 /* main.m in Sources */,
				7F3A9ECB1D1800DC007C3C30 /* MyMusic.m in Sources */,
				7F8726DE1D1CCEE900B2D430 /* ASValuePopUpView.m in Sources */,
				7FF14C7C1D1A570F008E2706 /* TriangleLayer.m in Sources */,
				7F3A9ED41D180132007C3C30 /* MyMemory.m in Sources */,
				7FF14C7E1D1A570F008E2706 /* UIColor+Hex.m in Sources */,
			);
			runOnlyForDeploymentPostprocessing = 0;
		};
		7F3A9E961D17FE7A007C3C30 /* Sources */ = {
			isa = PBXSourcesBuildPhase;
			buildActionMask = 2147483647;
			files = (
				7F3A9E9F1D17FE7A007C3C30 /* MusicXTests.m in Sources */,
			);
			runOnlyForDeploymentPostprocessing = 0;
		};
		7F3A9EA11D17FE7A007C3C30 /* Sources */ = {
			isa = PBXSourcesBuildPhase;
			buildActionMask = 2147483647;
			files = (
				7F3A9EAA1D17FE7A007C3C30 /* MusicXUITests.m in Sources */,
			);
			runOnlyForDeploymentPostprocessing = 0;
		};
/* End PBXSourcesBuildPhase section */

/* Begin PBXTargetDependency section */
		7F3A9E9C1D17FE7A007C3C30 /* PBXTargetDependency */ = {
			isa = PBXTargetDependency;
			target = 7F3A9E7D1D17FE7A007C3C30 /* MusicX */;
			targetProxy = 7F3A9E9B1D17FE7A007C3C30 /* PBXContainerItemProxy */;
		};
		7F3A9EA71D17FE7A007C3C30 /* PBXTargetDependency */ = {
			isa = PBXTargetDependency;
			target = 7F3A9E7D1D17FE7A007C3C30 /* MusicX */;
			targetProxy = 7F3A9EA61D17FE7A007C3C30 /* PBXContainerItemProxy */;
		};
/* End PBXTargetDependency section */

/* Begin PBXVariantGroup section */
		7F3A9E8A1D17FE7A007C3C30 /* Main.storyboard */ = {
			isa = PBXVariantGroup;
			children = (
				7F3A9E8B1D17FE7A007C3C30 /* Base */,
				7FAD49E11D194D9900C5C449 /* zh-Hans */,
			);
			name = Main.storyboard;
			sourceTree = "<group>";
		};
		7F3A9E921D17FE7A007C3C30 /* LaunchScreen.storyboard */ = {
			isa = PBXVariantGroup;
			children = (
				7F3A9E931D17FE7A007C3C30 /* Base */,
				7FAD49E21D194D9900C5C449 /* zh-Hans */,
			);
			name = LaunchScreen.storyboard;
			sourceTree = "<group>";
		};
/* End PBXVariantGroup section */

/* Begin XCBuildConfiguration section */
		7F3A9EAC1D17FE7A007C3C30 /* Debug */ = {
			isa = XCBuildConfiguration;
			buildSettings = {
				ALWAYS_SEARCH_USER_PATHS = NO;
				CLANG_CXX_LANGUAGE_STANDARD = "gnu++0x";
				CLANG_CXX_LIBRARY = "libc++";
				CLANG_ENABLE_MODULES = YES;
				CLANG_ENABLE_OBJC_ARC = YES;
				CLANG_WARN_BOOL_CONVERSION = YES;
				CLANG_WARN_CONSTANT_CONVERSION = YES;
				CLANG_WARN_DIRECT_OBJC_ISA_USAGE = YES_ERROR;
				CLANG_WARN_EMPTY_BODY = YES;
				CLANG_WARN_ENUM_CONVERSION = YES;
				CLANG_WARN_INT_CONVERSION = YES;
				CLANG_WARN_OBJC_ROOT_CLASS = YES_ERROR;
				CLANG_WARN_UNREACHABLE_CODE = YES;
				CLANG_WARN__DUPLICATE_METHOD_MATCH = YES;
				"CODE_SIGN_IDENTITY[sdk=iphoneos*]" = "iPhone Developer";
				COPY_PHASE_STRIP = NO;
				DEBUG_INFORMATION_FORMAT = dwarf;
				ENABLE_STRICT_OBJC_MSGSEND = YES;
				ENABLE_TESTABILITY = YES;
				GCC_C_LANGUAGE_STANDARD = gnu99;
				GCC_DYNAMIC_NO_PIC = NO;
				GCC_NO_COMMON_BLOCKS = YES;
				GCC_OPTIMIZATION_LEVEL = 0;
				GCC_PREPROCESSOR_DEFINITIONS = (
					"DEBUG=1",
					"$(inherited)",
				);
				GCC_WARN_64_TO_32_BIT_CONVERSION = YES;
				GCC_WARN_ABOUT_RETURN_TYPE = YES_ERROR;
				GCC_WARN_UNDECLARED_SELECTOR = YES;
				GCC_WARN_UNINITIALIZED_AUTOS = YES_AGGRESSIVE;
				GCC_WARN_UNUSED_FUNCTION = YES;
				GCC_WARN_UNUSED_VARIABLE = YES;
				IPHONEOS_DEPLOYMENT_TARGET = 9.0;
				MTL_ENABLE_DEBUG_INFO = YES;
				ONLY_ACTIVE_ARCH = YES;
				SDKROOT = iphoneos;
			};
			name = Debug;
		};
		7F3A9EAD1D17FE7A007C3C30 /* Release */ = {
			isa = XCBuildConfiguration;
			buildSettings = {
				ALWAYS_SEARCH_USER_PATHS = NO;
				CLANG_CXX_LANGUAGE_STANDARD = "gnu++0x";
				CLANG_CXX_LIBRARY = "libc++";
				CLANG_ENABLE_MODULES = YES;
				CLANG_ENABLE_OBJC_ARC = YES;
				CLANG_WARN_BOOL_CONVERSION = YES;
				CLANG_WARN_CONSTANT_CONVERSION = YES;
				CLANG_WARN_DIRECT_OBJC_ISA_USAGE = YES_ERROR;
				CLANG_WARN_EMPTY_BODY = YES;
				CLANG_WARN_ENUM_CONVERSION = YES;
				CLANG_WARN_INT_CONVERSION = YES;
				CLANG_WARN_OBJC_ROOT_CLASS = YES_ERROR;
				CLANG_WARN_UNREACHABLE_CODE = YES;
				CLANG_WARN__DUPLICATE_METHOD_MATCH = YES;
				"CODE_SIGN_IDENTITY[sdk=iphoneos*]" = "iPhone Developer";
				COPY_PHASE_STRIP = NO;
				DEBUG_INFORMATION_FORMAT = "dwarf-with-dsym";
				ENABLE_NS_ASSERTIONS = NO;
				ENABLE_STRICT_OBJC_MSGSEND = YES;
				GCC_C_LANGUAGE_STANDARD = gnu99;
				GCC_NO_COMMON_BLOCKS = YES;
				GCC_WARN_64_TO_32_BIT_CONVERSION = YES;
				GCC_WARN_ABOUT_RETURN_TYPE = YES_ERROR;
				GCC_WARN_UNDECLARED_SELECTOR = YES;
				GCC_WARN_UNINITIALIZED_AUTOS = YES_AGGRESSIVE;
				GCC_WARN_UNUSED_FUNCTION = YES;
				GCC_WARN_UNUSED_VARIABLE = YES;
				IPHONEOS_DEPLOYMENT_TARGET = 9.0;
				MTL_ENABLE_DEBUG_INFO = NO;
				SDKROOT = iphoneos;
				VALIDATE_PRODUCT = YES;
			};
			name = Release;
		};
		7F3A9EAF1D17FE7A007C3C30 /* Debug */ = {
			isa = XCBuildConfiguration;
			buildSettings = {
				ASSETCATALOG_COMPILER_APPICON_NAME = AppIcon;
				INFOPLIST_FILE = MusicX/Info.plist;
				LD_RUNPATH_SEARCH_PATHS = "$(inherited) @executable_path/Frameworks";
				PRODUCT_BUNDLE_IDENTIFIER = "P4-gumingxuan-163.com.MusicX";
				PRODUCT_NAME = "$(TARGET_NAME)";
			};
			name = Debug;
		};
		7F3A9EB01D17FE7A007C3C30 /* Release */ = {
			isa = XCBuildConfiguration;
			buildSettings = {
				ASSETCATALOG_COMPILER_APPICON_NAME = AppIcon;
				INFOPLIST_FILE = MusicX/Info.plist;
				LD_RUNPATH_SEARCH_PATHS = "$(inherited) @executable_path/Frameworks";
				PRODUCT_BUNDLE_IDENTIFIER = "P4-gumingxuan-163.com.MusicX";
				PRODUCT_NAME = "$(TARGET_NAME)";
			};
			name = Release;
		};
		7F3A9EB21D17FE7A007C3C30 /* Debug */ = {
			isa = XCBuildConfiguration;
			buildSettings = {
				BUNDLE_LOADER = "$(TEST_HOST)";
				INFOPLIST_FILE = MusicXTests/Info.plist;
				LD_RUNPATH_SEARCH_PATHS = "$(inherited) @executable_path/Frameworks @loader_path/Frameworks";
				PRODUCT_BUNDLE_IDENTIFIER = "P4-gumingxuan-163.com.MusicXTests";
				PRODUCT_NAME = "$(TARGET_NAME)";
				TEST_HOST = "$(BUILT_PRODUCTS_DIR)/MusicX.app/MusicX";
			};
			name = Debug;
		};
		7F3A9EB31D17FE7A007C3C30 /* Release */ = {
			isa = XCBuildConfiguration;
			buildSettings = {
				BUNDLE_LOADER = "$(TEST_HOST)";
				INFOPLIST_FILE = MusicXTests/Info.plist;
				LD_RUNPATH_SEARCH_PATHS = "$(inherited) @executable_path/Frameworks @loader_path/Frameworks";
				PRODUCT_BUNDLE_IDENTIFIER = "P4-gumingxuan-163.com.MusicXTests";
				PRODUCT_NAME = "$(TARGET_NAME)";
				TEST_HOST = "$(BUILT_PRODUCTS_DIR)/MusicX.app/MusicX";
			};
			name = Release;
		};
		7F3A9EB51D17FE7A007C3C30 /* Debug */ = {
			isa = XCBuildConfiguration;
			buildSettings = {
				INFOPLIST_FILE = MusicXUITests/Info.plist;
				LD_RUNPATH_SEARCH_PATHS = "$(inherited) @executable_path/Frameworks @loader_path/Frameworks";
				PRODUCT_BUNDLE_IDENTIFIER = "P4-gumingxuan-163.com.MusicXUITests";
				PRODUCT_NAME = "$(TARGET_NAME)";
				TEST_TARGET_NAME = MusicX;
				USES_XCTRUNNER = YES;
			};
			name = Debug;
		};
		7F3A9EB61D17FE7A007C3C30 /* Release */ = {
			isa = XCBuildConfiguration;
			buildSettings = {
				INFOPLIST_FILE = MusicXUITests/Info.plist;
				LD_RUNPATH_SEARCH_PATHS = "$(inherited) @executable_path/Frameworks @loader_path/Frameworks";
				PRODUCT_BUNDLE_IDENTIFIER = "P4-gumingxuan-163.com.MusicXUITests";
				PRODUCT_NAME = "$(TARGET_NAME)";
				TEST_TARGET_NAME = MusicX;
				USES_XCTRUNNER = YES;
			};
			name = Release;
		};
/* End XCBuildConfiguration section */

/* Begin XCConfigurationList section */
		7F3A9E791D17FE7A007C3C30 /* Build configuration list for PBXProject "MusicX" */ = {
			isa = XCConfigurationList;
			buildConfigurations = (
				7F3A9EAC1D17FE7A007C3C30 /* Debug */,
				7F3A9EAD1D17FE7A007C3C30 /* Release */,
			);
			defaultConfigurationIsVisible = 0;
			defaultConfigurationName = Release;
		};
		7F3A9EAE1D17FE7A007C3C30 /* Build configuration list for PBXNativeTarget "MusicX" */ = {
			isa = XCConfigurationList;
			buildConfigurations = (
				7F3A9EAF1D17FE7A007C3C30 /* Debug */,
				7F3A9EB01D17FE7A007C3C30 /* Release */,
			);
			defaultConfigurationIsVisible = 0;
			defaultConfigurationName = Release;
		};
		7F3A9EB11D17FE7A007C3C30 /* Build configuration list for PBXNativeTarget "MusicXTests" */ = {
			isa = XCConfigurationList;
			buildConfigurations = (
				7F3A9EB21D17FE7A007C3C30 /* Debug */,
				7F3A9EB31D17FE7A007C3C30 /* Release */,
			);
			defaultConfigurationIsVisible = 0;
			defaultConfigurationName = Release;
		};
		7F3A9EB41D17FE7A007C3C30 /* Build configuration list for PBXNativeTarget "MusicXUITests" */ = {
			isa = XCConfigurationList;
			buildConfigurations = (
				7F3A9EB51D17FE7A007C3C30 /* Debug */,
				7F3A9EB61D17FE7A007C3C30 /* Release */,
			);
			defaultConfigurationIsVisible = 0;
			defaultConfigurationName = Release;
		};
/* End XCConfigurationList section */

/* Begin XCVersionGroup section */
		7F3A9E8D1D17FE7A007C3C30 /* MusicX.xcdatamodeld */ = {
			isa = XCVersionGroup;
			children = (
				7F3A9E8E1D17FE7A007C3C30 /* MusicX.xcdatamodel */,
			);
			currentVersion = 7F3A9E8E1D17FE7A007C3C30 /* MusicX.xcdatamodel */;
			path = MusicX.xcdatamodeld;
			sourceTree = "<group>";
			versionGroupType = wrapper.xcdatamodel;
		};
/* End XCVersionGroup section */
	};
	rootObject = 7F3A9E761D17FE7A007C3C30 /* Project object */;
}
